// !$*UTF8*$!
{
	archiveVersion = 1;
	classes = {
	};
	objectVersion = 50;
	objects = {

/* Begin PBXBuildFile section */
		C9114DF9208ECFB5008A06C8 /* AppDelegate.swift in Sources */ = {isa = PBXBuildFile; fileRef = C9114DF8208ECFB5008A06C8 /* AppDelegate.swift */; };
		C9114DFB208ECFB5008A06C8 /* ViewController.swift in Sources */ = {isa = PBXBuildFile; fileRef = C9114DFA208ECFB5008A06C8 /* ViewController.swift */; };
		C9114DFE208ECFB5008A06C8 /* Main.storyboard in Resources */ = {isa = PBXBuildFile; fileRef = C9114DFC208ECFB5008A06C8 /* Main.storyboard */; };
		C9114E00208ECFB6008A06C8 /* Assets.xcassets in Resources */ = {isa = PBXBuildFile; fileRef = C9114DFF208ECFB6008A06C8 /* Assets.xcassets */; };
		C9114E03208ECFB6008A06C8 /* LaunchScreen.storyboard in Resources */ = {isa = PBXBuildFile; fileRef = C9114E01208ECFB6008A06C8 /* LaunchScreen.storyboard */; };
		C9114E0E208ECFB7008A06C8 /* _08_SwitchTests.swift in Sources */ = {isa = PBXBuildFile; fileRef = C9114E0D208ECFB7008A06C8 /* _08_SwitchTests.swift */; };
		C9114E19208ECFB7008A06C8 /* _08_SwitchUITests.swift in Sources */ = {isa = PBXBuildFile; fileRef = C9114E18208ECFB7008A06C8 /* _08_SwitchUITests.swift */; };
/* End PBXBuildFile section */

/* Begin PBXContainerItemProxy section */
		C9114E0A208ECFB7008A06C8 /* PBXContainerItemProxy */ = {
			isa = PBXContainerItemProxy;
			containerPortal = C9114DED208ECFB5008A06C8 /* Project object */;
			proxyType = 1;
			remoteGlobalIDString = C9114DF4208ECFB5008A06C8;
			remoteInfo = "008-Switch";
		};
		C9114E15208ECFB7008A06C8 /* PBXContainerItemProxy */ = {
			isa = PBXContainerItemProxy;
			containerPortal = C9114DED208ECFB5008A06C8 /* Project object */;
			proxyType = 1;
			remoteGlobalIDString = C9114DF4208ECFB5008A06C8;
			remoteInfo = "008-Switch";
		};
/* End PBXContainerItemProxy section */

/* Begin PBXFileReference section */
		C9114DF5208ECFB5008A06C8 /* 008-Switch.app */ = {isa = PBXFileReference; explicitFileType = wrapper.application; includeInIndex = 0; path = "008-Switch.app"; sourceTree = BUILT_PRODUCTS_DIR; };
		C9114DF8208ECFB5008A06C8 /* AppDelegate.swift */ = {isa = PBXFileReference; lastKnownFileType = sourcecode.swift; path = AppDelegate.swift; sourceTree = "<group>"; };
		C9114DFA208ECFB5008A06C8 /* ViewController.swift */ = {isa = PBXFileReference; lastKnownFileType = sourcecode.swift; path = ViewController.swift; sourceTree = "<group>"; };
		C9114DFD208ECFB5008A06C8 /* Base */ = {isa = PBXFileReference; lastKnownFileType = file.storyboard; name = Base; path = Base.lproj/Main.storyboard; sourceTree = "<group>"; };
		C9114DFF208ECFB6008A06C8 /* Assets.xcassets */ = {isa = PBXFileReference; lastKnownFileType = folder.assetcatalog; path = Assets.xcassets; sourceTree = "<group>"; };
		C9114E02208ECFB6008A06C8 /* Base */ = {isa = PBXFileReference; lastKnownFileType = file.storyboard; name = Base; path = Base.lproj/LaunchScreen.storyboard; sourceTree = "<group>"; };
		C9114E04208ECFB6008A06C8 /* Info.plist */ = {isa = PBXFileReference; lastKnownFileType = text.plist.xml; path = Info.plist; sourceTree = "<group>"; };
		C9114E09208ECFB7008A06C8 /* 008-SwitchTests.xctest */ = {isa = PBXFileReference; explicitFileType = wrapper.cfbundle; includeInIndex = 0; path = "008-SwitchTests.xctest"; sourceTree = BUILT_PRODUCTS_DIR; };
		C9114E0D208ECFB7008A06C8 /* _08_SwitchTests.swift */ = {isa = PBXFileReference; lastKnownFileType = sourcecode.swift; path = _08_SwitchTests.swift; sourceTree = "<group>"; };
		C9114E0F208ECFB7008A06C8 /* Info.plist */ = {isa = PBXFileReference; lastKnownFileType = text.plist.xml; path = Info.plist; sourceTree = "<group>"; };
		C9114E14208ECFB7008A06C8 /* 008-SwitchUITests.xctest */ = {isa = PBXFileReference; explicitFileType = wrapper.cfbundle; includeInIndex = 0; path = "008-SwitchUITests.xctest"; sourceTree = BUILT_PRODUCTS_DIR; };
		C9114E18208ECFB7008A06C8 /* _08_SwitchUITests.swift */ = {isa = PBXFileReference; lastKnownFileType = sourcecode.swift; path = _08_SwitchUITests.swift; sourceTree = "<group>"; };
		C9114E1A208ECFB7008A06C8 /* Info.plist */ = {isa = PBXFileReference; lastKnownFileType = text.plist.xml; path = Info.plist; sourceTree = "<group>"; };
/* End PBXFileReference section */

/* Begin PBXFrameworksBuildPhase section */
		C9114DF2208ECFB5008A06C8 /* Frameworks */ = {
			isa = PBXFrameworksBuildPhase;
			buildActionMask = 2147483647;
			files = (
			);
			runOnlyForDeploymentPostprocessing = 0;
		};
		C9114E06208ECFB7008A06C8 /* Frameworks */ = {
			isa = PBXFrameworksBuildPhase;
			buildActionMask = 2147483647;
			files = (
			);
			runOnlyForDeploymentPostprocessing = 0;
		};
		C9114E11208ECFB7008A06C8 /* Frameworks */ = {
			isa = PBXFrameworksBuildPhase;
			buildActionMask = 2147483647;
			files = (
			);
			runOnlyForDeploymentPostprocessing = 0;
		};
/* End PBXFrameworksBuildPhase section */

/* Begin PBXGroup section */
		C9114DEC208ECFB5008A06C8 = {
			isa = PBXGroup;
			children = (
				C9114DF7208ECFB5008A06C8 /* 008-Switch */,
				C9114E0C208ECFB7008A06C8 /* 008-SwitchTests */,
				C9114E17208ECFB7008A06C8 /* 008-SwitchUITests */,
				C9114DF6208ECFB5008A06C8 /* Products */,
			);
			sourceTree = "<group>";
		};
		C9114DF6208ECFB5008A06C8 /* Products */ = {
			isa = PBXGroup;
			children = (
				C9114DF5208ECFB5008A06C8 /* 008-Switch.app */,
				C9114E09208ECFB7008A06C8 /* 008-SwitchTests.xctest */,
				C9114E14208ECFB7008A06C8 /* 008-SwitchUITests.xctest */,
			);
			name = Products;
			sourceTree = "<group>";
		};
		C9114DF7208ECFB5008A06C8 /* 008-Switch */ = {
			isa = PBXGroup;
			children = (
				C9114DF8208ECFB5008A06C8 /* AppDelegate.swift */,
				C9114DFA208ECFB5008A06C8 /* ViewController.swift */,
				C9114DFC208ECFB5008A06C8 /* Main.storyboard */,
				C9114DFF208ECFB6008A06C8 /* Assets.xcassets */,
				C9114E01208ECFB6008A06C8 /* LaunchScreen.storyboard */,
				C9114E04208ECFB6008A06C8 /* Info.plist */,
			);
			path = "008-Switch";
			sourceTree = "<group>";
		};
		C9114E0C208ECFB7008A06C8 /* 008-SwitchTests */ = {
			isa = PBXGroup;
			children = (
				C9114E0D208ECFB7008A06C8 /* _08_SwitchTests.swift */,
				C9114E0F208ECFB7008A06C8 /* Info.plist */,
			);
			path = "008-SwitchTests";
			sourceTree = "<group>";
		};
		C9114E17208ECFB7008A06C8 /* 008-SwitchUITests */ = {
			isa = PBXGroup;
			children = (
				C9114E18208ECFB7008A06C8 /* _08_SwitchUITests.swift */,
				C9114E1A208ECFB7008A06C8 /* Info.plist */,
			);
			path = "008-SwitchUITests";
			sourceTree = "<group>";
		};
/* End PBXGroup section */

/* Begin PBXNativeTarget section */
		C9114DF4208ECFB5008A06C8 /* 008-Switch */ = {
			isa = PBXNativeTarget;
			buildConfigurationList = C9114E1D208ECFB7008A06C8 /* Build configuration list for PBXNativeTarget "008-Switch" */;
			buildPhases = (
				C9114DF1208ECFB5008A06C8 /* Sources */,
				C9114DF2208ECFB5008A06C8 /* Frameworks */,
				C9114DF3208ECFB5008A06C8 /* Resources */,
			);
			buildRules = (
			);
			dependencies = (
			);
			name = "008-Switch";
			productName = "008-Switch";
			productReference = C9114DF5208ECFB5008A06C8 /* 008-Switch.app */;
			productType = "com.apple.product-type.application";
		};
		C9114E08208ECFB7008A06C8 /* 008-SwitchTests */ = {
			isa = PBXNativeTarget;
			buildConfigurationList = C9114E20208ECFB7008A06C8 /* Build configuration list for PBXNativeTarget "008-SwitchTests" */;
			buildPhases = (
				C9114E05208ECFB7008A06C8 /* Sources */,
				C9114E06208ECFB7008A06C8 /* Frameworks */,
				C9114E07208ECFB7008A06C8 /* Resources */,
			);
			buildRules = (
			);
			dependencies = (
				C9114E0B208ECFB7008A06C8 /* PBXTargetDependency */,
			);
			name = "008-SwitchTests";
			productName = "008-SwitchTests";
			productReference = C9114E09208ECFB7008A06C8 /* 008-SwitchTests.xctest */;
			productType = "com.apple.product-type.bundle.unit-test";
		};
		C9114E13208ECFB7008A06C8 /* 008-SwitchUITests */ = {
			isa = PBXNativeTarget;
			buildConfigurationList = C9114E23208ECFB7008A06C8 /* Build configuration list for PBXNativeTarget "008-SwitchUITests" */;
			buildPhases = (
				C9114E10208ECFB7008A06C8 /* Sources */,
				C9114E11208ECFB7008A06C8 /* Frameworks */,
				C9114E12208ECFB7008A06C8 /* Resources */,
			);
			buildRules = (
			);
			dependencies = (
				C9114E16208ECFB7008A06C8 /* PBXTargetDependency */,
			);
			name = "008-SwitchUITests";
			productName = "008-SwitchUITests";
			productReference = C9114E14208ECFB7008A06C8 /* 008-SwitchUITests.xctest */;
			productType = "com.apple.product-type.bundle.ui-testing";
		};
/* End PBXNativeTarget section */

/* Begin PBXProject section */
		C9114DED208ECFB5008A06C8 /* Project object */ = {
			isa = PBXProject;
			attributes = {
				LastSwiftUpdateCheck = 0930;
				LastUpgradeCheck = 0930;
				ORGANIZATIONNAME = SYJ;
				TargetAttributes = {
					C9114DF4208ECFB5008A06C8 = {
						CreatedOnToolsVersion = 9.3;
					};
					C9114E08208ECFB7008A06C8 = {
						CreatedOnToolsVersion = 9.3;
						TestTargetID = C9114DF4208ECFB5008A06C8;
					};
					C9114E13208ECFB7008A06C8 = {
						CreatedOnToolsVersion = 9.3;
						TestTargetID = C9114DF4208ECFB5008A06C8;
					};
				};
			};
			buildConfigurationList = C9114DF0208ECFB5008A06C8 /* Build configuration list for PBXProject "008-Switch" */;
			compatibilityVersion = "Xcode 9.3";
			developmentRegion = en;
			hasScannedForEncodings = 0;
			knownRegions = (
				en,
				Base,
			);
			mainGroup = C9114DEC208ECFB5008A06C8;
			productRefGroup = C9114DF6208ECFB5008A06C8 /* Products */;
			projectDirPath = "";
			projectRoot = "";
			targets = (
				C9114DF4208ECFB5008A06C8 /* 008-Switch */,
				C9114E08208ECFB7008A06C8 /* 008-SwitchTests */,
				C9114E13208ECFB7008A06C8 /* 008-SwitchUITests */,
			);
		};
/* End PBXProject section */

/* Begin PBXResourcesBuildPhase section */
		C9114DF3208ECFB5008A06C8 /* Resources */ = {
			isa = PBXResourcesBuildPhase;
			buildActionMask = 2147483647;
			files = (
				C9114E03208ECFB6008A06C8 /* LaunchScreen.storyboard in Resources */,
				C9114E00208ECFB6008A06C8 /* Assets.xcassets in Resources */,
				C9114DFE208ECFB5008A06C8 /* Main.storyboard in Resources */,
			);
			runOnlyForDeploymentPostprocessing = 0;
		};
		C9114E07208ECFB7008A06C8 /* Resources */ = {
			isa = PBXResourcesBuildPhase;
			buildActionMask = 2147483647;
			files = (
			);
			runOnlyForDeploymentPostprocessing = 0;
		};
		C9114E12208ECFB7008A06C8 /* Resources */ = {
			isa = PBXResourcesBuildPhase;
			buildActionMask = 2147483647;
			files = (
			);
			runOnlyForDeploymentPostprocessing = 0;
		};
/* End PBXResourcesBuildPhase section */

/* Begin PBXSourcesBuildPhase section */
		C9114DF1208ECFB5008A06C8 /* Sources */ = {
			isa = PBXSourcesBuildPhase;
			buildActionMask = 2147483647;
			files = (
				C9114DFB208ECFB5008A06C8 /* ViewController.swift in Sources */,
				C9114DF9208ECFB5008A06C8 /* AppDelegate.swift in Sources */,
			);
			runOnlyForDeploymentPostprocessing = 0;
		};
		C9114E05208ECFB7008A06C8 /* Sources */ = {
			isa = PBXSourcesBuildPhase;
			buildActionMask = 2147483647;
			files = (
				C9114E0E208ECFB7008A06C8 /* _08_SwitchTests.swift in Sources */,
			);
			runOnlyForDeploymentPostprocessing = 0;
		};
		C9114E10208ECFB7008A06C8 /* Sources */ = {
			isa = PBXSourcesBuildPhase;
			buildActionMask = 2147483647;
			files = (
				C9114E19208ECFB7008A06C8 /* _08_SwitchUITests.swift in Sources */,
			);
			runOnlyForDeploymentPostprocessing = 0;
		};
/* End PBXSourcesBuildPhase section */

/* Begin PBXTargetDependency section */
		C9114E0B208ECFB7008A06C8 /* PBXTargetDependency */ = {
			isa = PBXTargetDependency;
			target = C9114DF4208ECFB5008A06C8 /* 008-Switch */;
			targetProxy = C9114E0A208ECFB7008A06C8 /* PBXContainerItemProxy */;
		};
		C9114E16208ECFB7008A06C8 /* PBXTargetDependency */ = {
			isa = PBXTargetDependency;
			target = C9114DF4208ECFB5008A06C8 /* 008-Switch */;
			targetProxy = C9114E15208ECFB7008A06C8 /* PBXContainerItemProxy */;
		};
/* End PBXTargetDependency section */

/* Begin PBXVariantGroup section */
		C9114DFC208ECFB5008A06C8 /* Main.storyboard */ = {
			isa = PBXVariantGroup;
			children = (
				C9114DFD208ECFB5008A06C8 /* Base */,
			);
			name = Main.storyboard;
			sourceTree = "<group>";
		};
		C9114E01208ECFB6008A06C8 /* LaunchScreen.storyboard */ = {
			isa = PBXVariantGroup;
			children = (
				C9114E02208ECFB6008A06C8 /* Base */,
			);
			name = LaunchScreen.storyboard;
			sourceTree = "<group>";
		};
/* End PBXVariantGroup section */

/* Begin XCBuildConfiguration section */
		C9114E1B208ECFB7008A06C8 /* Debug */ = {
			isa = XCBuildConfiguration;
			buildSettings = {
				ALWAYS_SEARCH_USER_PATHS = NO;
				CLANG_ANALYZER_NONNULL = YES;
				CLANG_ANALYZER_NUMBER_OBJECT_CONVERSION = YES_AGGRESSIVE;
				CLANG_CXX_LANGUAGE_STANDARD = "gnu++14";
				CLANG_CXX_LIBRARY = "libc++";
				CLANG_ENABLE_MODULES = YES;
				CLANG_ENABLE_OBJC_ARC = YES;
				CLANG_ENABLE_OBJC_WEAK = YES;
				CLANG_WARN_BLOCK_CAPTURE_AUTORELEASING = YES;
				CLANG_WARN_BOOL_CONVERSION = YES;
				CLANG_WARN_COMMA = YES;
				CLANG_WARN_CONSTANT_CONVERSION = YES;
				CLANG_WARN_DEPRECATED_OBJC_IMPLEMENTATIONS = YES;
				CLANG_WARN_DIRECT_OBJC_ISA_USAGE = YES_ERROR;
				CLANG_WARN_DOCUMENTATION_COMMENTS = YES;
				CLANG_WARN_EMPTY_BODY = YES;
				CLANG_WARN_ENUM_CONVERSION = YES;
				CLANG_WARN_INFINITE_RECURSION = YES;
				CLANG_WARN_INT_CONVERSION = YES;
				CLANG_WARN_NON_LITERAL_NULL_CONVERSION = YES;
				CLANG_WARN_OBJC_IMPLICIT_RETAIN_SELF = YES;
				CLANG_WARN_OBJC_LITERAL_CONVERSION = YES;
				CLANG_WARN_OBJC_ROOT_CLASS = YES_ERROR;
				CLANG_WARN_RANGE_LOOP_ANALYSIS = YES;
				CLANG_WARN_STRICT_PROTOTYPES = YES;
				CLANG_WARN_SUSPICIOUS_MOVE = YES;
				CLANG_WARN_UNGUARDED_AVAILABILITY = YES_AGGRESSIVE;
				CLANG_WARN_UNREACHABLE_CODE = YES;
				CLANG_WARN__DUPLICATE_METHOD_MATCH = YES;
				CODE_SIGN_IDENTITY = "iPhone Developer";
				COPY_PHASE_STRIP = NO;
				DEBUG_INFORMATION_FORMAT = dwarf;
				ENABLE_STRICT_OBJC_MSGSEND = YES;
				ENABLE_TESTABILITY = YES;
				GCC_C_LANGUAGE_STANDARD = gnu11;
				GCC_DYNAMIC_NO_PIC = NO;
				GCC_NO_COMMON_BLOCKS = YES;
				GCC_OPTIMIZATION_LEVEL = 0;
				GCC_PREPROCESSOR_DEFINITIONS = (
					"DEBUG=1",
					"$(inherited)",
				);
				GCC_WARN_64_TO_32_BIT_CONVERSION = YES;
				GCC_WARN_ABOUT_RETURN_TYPE = YES_ERROR;
				GCC_WARN_UNDECLARED_SELECTOR = YES;
				GCC_WARN_UNINITIALIZED_AUTOS = YES_AGGRESSIVE;
				GCC_WARN_UNUSED_FUNCTION = YES;
				GCC_WARN_UNUSED_VARIABLE = YES;
				IPHONEOS_DEPLOYMENT_TARGET = 11.3;
				MTL_ENABLE_DEBUG_INFO = YES;
				ONLY_ACTIVE_ARCH = YES;
				SDKROOT = iphoneos;
				SWIFT_ACTIVE_COMPILATION_CONDITIONS = DEBUG;
				SWIFT_OPTIMIZATION_LEVEL = "-Onone";
			};
			name = Debug;
		};
		C9114E1C208ECFB7008A06C8 /* Release */ = {
			isa = XCBuildConfiguration;
			buildSettings = {
				ALWAYS_SEARCH_USER_PATHS = NO;
				CLANG_ANALYZER_NONNULL = YES;
				CLANG_ANALYZER_NUMBER_OBJECT_CONVERSION = YES_AGGRESSIVE;
				CLANG_CXX_LANGUAGE_STANDARD = "gnu++14";
				CLANG_CXX_LIBRARY = "libc++";
				CLANG_ENABLE_MODULES = YES;
				CLANG_ENABLE_OBJC_ARC = YES;
				CLANG_ENABLE_OBJC_WEAK = YES;
				CLANG_WARN_BLOCK_CAPTURE_AUTORELEASING = YES;
				CLANG_WARN_BOOL_CONVERSION = YES;
				CLANG_WARN_COMMA = YES;
				CLANG_WARN_CONSTANT_CONVERSION = YES;
				CLANG_WARN_DEPRECATED_OBJC_IMPLEMENTATIONS = YES;
				CLANG_WARN_DIRECT_OBJC_ISA_USAGE = YES_ERROR;
				CLANG_WARN_DOCUMENTATION_COMMENTS = YES;
				CLANG_WARN_EMPTY_BODY = YES;
				CLANG_WARN_ENUM_CONVERSION = YES;
				CLANG_WARN_INFINITE_RECURSION = YES;
				CLANG_WARN_INT_CONVERSION = YES;
				CLANG_WARN_NON_LITERAL_NULL_CONVERSION = YES;
				CLANG_WARN_OBJC_IMPLICIT_RETAIN_SELF = YES;
				CLANG_WARN_OBJC_LITERAL_CONVERSION = YES;
				CLANG_WARN_OBJC_ROOT_CLASS = YES_ERROR;
				CLANG_WARN_RANGE_LOOP_ANALYSIS = YES;
				CLANG_WARN_STRICT_PROTOTYPES = YES;
				CLANG_WARN_SUSPICIOUS_MOVE = YES;
				CLANG_WARN_UNGUARDED_AVAILABILITY = YES_AGGRESSIVE;
				CLANG_WARN_UNREACHABLE_CODE = YES;
				CLANG_WARN__DUPLICATE_METHOD_MATCH = YES;
				CODE_SIGN_IDENTITY = "iPhone Developer";
				COPY_PHASE_STRIP = NO;
				DEBUG_INFORMATION_FORMAT = "dwarf-with-dsym";
				ENABLE_NS_ASSERTIONS = NO;
				ENABLE_STRICT_OBJC_MSGSEND = YES;
				GCC_C_LANGUAGE_STANDARD = gnu11;
				GCC_NO_COMMON_BLOCKS = YES;
				GCC_WARN_64_TO_32_BIT_CONVERSION = YES;
				GCC_WARN_ABOUT_RETURN_TYPE = YES_ERROR;
				GCC_WARN_UNDECLARED_SELECTOR = YES;
				GCC_WARN_UNINITIALIZED_AUTOS = YES_AGGRESSIVE;
				GCC_WARN_UNUSED_FUNCTION = YES;
				GCC_WARN_UNUSED_VARIABLE = YES;
				IPHONEOS_DEPLOYMENT_TARGET = 11.3;
				MTL_ENABLE_DEBUG_INFO = NO;
				SDKROOT = iphoneos;
				SWIFT_COMPILATION_MODE = wholemodule;
				SWIFT_OPTIMIZATION_LEVEL = "-O";
				VALIDATE_PRODUCT = YES;
			};
			name = Release;
		};
		C9114E1E208ECFB7008A06C8 /* Debug */ = {
			isa = XCBuildConfiguration;
			buildSettings = {
				ASSETCATALOG_COMPILER_APPICON_NAME = AppIcon;
				CODE_SIGN_STYLE = Automatic;
				INFOPLIST_FILE = "008-Switch/Info.plist";
				LD_RUNPATH_SEARCH_PATHS = (
					"$(inherited)",
					"@executable_path/Frameworks",
				);
				PRODUCT_BUNDLE_IDENTIFIER = "com.syj.-08-Switch";
				PRODUCT_NAME = "$(TARGET_NAME)";
				SWIFT_VERSION = 4.0;
				TARGETED_DEVICE_FAMILY = "1,2";
			};
			name = Debug;
		};
		C9114E1F208ECFB7008A06C8 /* Release */ = {
			isa = XCBuildConfiguration;
			buildSettings = {
				ASSETCATALOG_COMPILER_APPICON_NAME = AppIcon;
				CODE_SIGN_STYLE = Automatic;
				INFOPLIST_FILE = "008-Switch/Info.plist";
				LD_RUNPATH_SEARCH_PATHS = (
					"$(inherited)",
					"@executable_path/Frameworks",
				);
				PRODUCT_BUNDLE_IDENTIFIER = "com.syj.-08-Switch";
				PRODUCT_NAME = "$(TARGET_NAME)";
				SWIFT_VERSION = 4.0;
				TARGETED_DEVICE_FAMILY = "1,2";
			};
			name = Release;
		};
		C9114E21208ECFB7008A06C8 /* Debug */ = {
			isa = XCBuildConfiguration;
			buildSettings = {
				ALWAYS_EMBED_SWIFT_STANDARD_LIBRARIES = YES;
				BUNDLE_LOADER = "$(TEST_HOST)";
				CODE_SIGN_STYLE = Automatic;
				INFOPLIST_FILE = "008-SwitchTests/Info.plist";
				LD_RUNPATH_SEARCH_PATHS = (
					"$(inherited)",
					"@executable_path/Frameworks",
					"@loader_path/Frameworks",
				);
				PRODUCT_BUNDLE_IDENTIFIER = "com.syj.-08-SwitchTests";
				PRODUCT_NAME = "$(TARGET_NAME)";
				SWIFT_VERSION = 4.0;
				TARGETED_DEVICE_FAMILY = "1,2";
				TEST_HOST = "$(BUILT_PRODUCTS_DIR)/008-Switch.app/008-Switch";
			};
			name = Debug;
		};
		C9114E22208ECFB7008A06C8 /* Release */ = {
			isa = XCBuildConfiguration;
			buildSettings = {
				ALWAYS_EMBED_SWIFT_STANDARD_LIBRARIES = YES;
				BUNDLE_LOADER = "$(TEST_HOST)";
				CODE_SIGN_STYLE = Automatic;
				INFOPLIST_FILE = "008-SwitchTests/Info.plist";
				LD_RUNPATH_SEARCH_PATHS = (
					"$(inherited)",
					"@executable_path/Frameworks",
					"@loader_path/Frameworks",
				);
				PRODUCT_BUNDLE_IDENTIFIER = "com.syj.-08-SwitchTests";
				PRODUCT_NAME = "$(TARGET_NAME)";
				SWIFT_VERSION = 4.0;
				TARGETED_DEVICE_FAMILY = "1,2";
				TEST_HOST = "$(BUILT_PRODUCTS_DIR)/008-Switch.app/008-Switch";
			};
			name = Release;
		};
		C9114E24208ECFB7008A06C8 /* Debug */ = {
			isa = XCBuildConfiguration;
			buildSettings = {
				ALWAYS_EMBED_SWIFT_STANDARD_LIBRARIES = YES;
				CODE_SIGN_STYLE = Automatic;
				INFOPLIST_FILE = "008-SwitchUITests/Info.plist";
				LD_RUNPATH_SEARCH_PATHS = (
					"$(inherited)",
					"@executable_path/Frameworks",
					"@loader_path/Frameworks",
				);
				PRODUCT_BUNDLE_IDENTIFIER = "com.syj.-08-SwitchUITests";
				PRODUCT_NAME = "$(TARGET_NAME)";
				SWIFT_VERSION = 4.0;
				TARGETED_DEVICE_FAMILY = "1,2";
				TEST_TARGET_NAME = "008-Switch";
			};
			name = Debug;
		};
		C9114E25208ECFB7008A06C8 /* Release */ = {
			isa = XCBuildConfiguration;
			buildSettings = {
				ALWAYS_EMBED_SWIFT_STANDARD_LIBRARIES = YES;
				CODE_SIGN_STYLE = Automatic;
				INFOPLIST_FILE = "008-SwitchUITests/Info.plist";
				LD_RUNPATH_SEARCH_PATHS = (
					"$(inherited)",
					"@executable_path/Frameworks",
					"@loader_path/Frameworks",
				);
				PRODUCT_BUNDLE_IDENTIFIER = "com.syj.-08-SwitchUITests";
				PRODUCT_NAME = "$(TARGET_NAME)";
				SWIFT_VERSION = 4.0;
				TARGETED_DEVICE_FAMILY = "1,2";
				TEST_TARGET_NAME = "008-Switch";
			};
			name = Release;
		};
/* End XCBuildConfiguration section */

/* Begin XCConfigurationList section */
		C9114DF0208ECFB5008A06C8 /* Build configuration list for PBXProject "008-Switch" */ = {
			isa = XCConfigurationList;
			buildConfigurations = (
				C9114E1B208ECFB7008A06C8 /* Debug */,
				C9114E1C208ECFB7008A06C8 /* Release */,
			);
			defaultConfigurationIsVisible = 0;
			defaultConfigurationName = Release;
		};
		C9114E1D208ECFB7008A06C8 /* Build configuration list for PBXNativeTarget "008-Switch" */ = {
			isa = XCConfigurationList;
			buildConfigurations = (
				C9114E1E208ECFB7008A06C8 /* Debug */,
				C9114E1F208ECFB7008A06C8 /* Release */,
			);
			defaultConfigurationIsVisible = 0;
			defaultConfigurationName = Release;
		};
		C9114E20208ECFB7008A06C8 /* Build configuration list for PBXNativeTarget "008-SwitchTests" */ = {
			isa = XCConfigurationList;
			buildConfigurations = (
				C9114E21208ECFB7008A06C8 /* Debug */,
				C9114E22208ECFB7008A06C8 /* Release */,
			);
			defaultConfigurationIsVisible = 0;
			defaultConfigurationName = Release;
		};
		C9114E23208ECFB7008A06C8 /* Build configuration list for PBXNativeTarget "008-SwitchUITests" */ = {
			isa = XCConfigurationList;
			buildConfigurations = (
				C9114E24208ECFB7008A06C8 /* Debug */,
				C9114E25208ECFB7008A06C8 /* Release */,
			);
			defaultConfigurationIsVisible = 0;
			defaultConfigurationName = Release;
		};
/* End XCConfigurationList section */
	};
	rootObject = C9114DED208ECFB5008A06C8 /* Project object */;
}
