// !$*UTF8*$!
{
	archiveVersion = 1;
	classes = {
	};
	objectVersion = 50;
	objects = {

/* Begin PBXBuildFile section */
		C9A7DC372092BF2F00D34E4F /* AppDelegate.swift in Sources */ = {isa = PBXBuildFile; fileRef = C9A7DC362092BF2F00D34E4F /* AppDelegate.swift */; };
		C9A7DC392092BF2F00D34E4F /* ViewController.swift in Sources */ = {isa = PBXBuildFile; fileRef = C9A7DC382092BF2F00D34E4F /* ViewController.swift */; };
		C9A7DC3C2092BF2F00D34E4F /* Main.storyboard in Resources */ = {isa = PBXBuildFile; fileRef = C9A7DC3A2092BF2F00D34E4F /* Main.storyboard */; };
		C9A7DC3E2092BF3200D34E4F /* Assets.xcassets in Resources */ = {isa = PBXBuildFile; fileRef = C9A7DC3D2092BF3200D34E4F /* Assets.xcassets */; };
		C9A7DC412092BF3200D34E4F /* LaunchScreen.storyboard in Resources */ = {isa = PBXBuildFile; fileRef = C9A7DC3F2092BF3200D34E4F /* LaunchScreen.storyboard */; };
		C9A7DC4C2092BF3200D34E4F /* _13_tableViewTests.swift in Sources */ = {isa = PBXBuildFile; fileRef = C9A7DC4B2092BF3200D34E4F /* _13_tableViewTests.swift */; };
		C9A7DC572092BF3200D34E4F /* _13_tableViewUITests.swift in Sources */ = {isa = PBXBuildFile; fileRef = C9A7DC562092BF3200D34E4F /* _13_tableViewUITests.swift */; };
/* End PBXBuildFile section */

/* Begin PBXContainerItemProxy section */
		C9A7DC482092BF3200D34E4F /* PBXContainerItemProxy */ = {
			isa = PBXContainerItemProxy;
			containerPortal = C9A7DC2B2092BF2F00D34E4F /* Project object */;
			proxyType = 1;
			remoteGlobalIDString = C9A7DC322092BF2F00D34E4F;
			remoteInfo = "013-tableView";
		};
		C9A7DC532092BF3200D34E4F /* PBXContainerItemProxy */ = {
			isa = PBXContainerItemProxy;
			containerPortal = C9A7DC2B2092BF2F00D34E4F /* Project object */;
			proxyType = 1;
			remoteGlobalIDString = C9A7DC322092BF2F00D34E4F;
			remoteInfo = "013-tableView";
		};
/* End PBXContainerItemProxy section */

/* Begin PBXFileReference section */
		C9A7DC332092BF2F00D34E4F /* 013-tableView.app */ = {isa = PBXFileReference; explicitFileType = wrapper.application; includeInIndex = 0; path = "013-tableView.app"; sourceTree = BUILT_PRODUCTS_DIR; };
		C9A7DC362092BF2F00D34E4F /* AppDelegate.swift */ = {isa = PBXFileReference; lastKnownFileType = sourcecode.swift; path = AppDelegate.swift; sourceTree = "<group>"; };
		C9A7DC382092BF2F00D34E4F /* ViewController.swift */ = {isa = PBXFileReference; lastKnownFileType = sourcecode.swift; path = ViewController.swift; sourceTree = "<group>"; };
		C9A7DC3B2092BF2F00D34E4F /* Base */ = {isa = PBXFileReference; lastKnownFileType = file.storyboard; name = Base; path = Base.lproj/Main.storyboard; sourceTree = "<group>"; };
		C9A7DC3D2092BF3200D34E4F /* Assets.xcassets */ = {isa = PBXFileReference; lastKnownFileType = folder.assetcatalog; path = Assets.xcassets; sourceTree = "<group>"; };
		C9A7DC402092BF3200D34E4F /* Base */ = {isa = PBXFileReference; lastKnownFileType = file.storyboard; name = Base; path = Base.lproj/LaunchScreen.storyboard; sourceTree = "<group>"; };
		C9A7DC422092BF3200D34E4F /* Info.plist */ = {isa = PBXFileReference; lastKnownFileType = text.plist.xml; path = Info.plist; sourceTree = "<group>"; };
		C9A7DC472092BF3200D34E4F /* 013-tableViewTests.xctest */ = {isa = PBXFileReference; explicitFileType = wrapper.cfbundle; includeInIndex = 0; path = "013-tableViewTests.xctest"; sourceTree = BUILT_PRODUCTS_DIR; };
		C9A7DC4B2092BF3200D34E4F /* _13_tableViewTests.swift */ = {isa = PBXFileReference; lastKnownFileType = sourcecode.swift; path = _13_tableViewTests.swift; sourceTree = "<group>"; };
		C9A7DC4D2092BF3200D34E4F /* Info.plist */ = {isa = PBXFileReference; lastKnownFileType = text.plist.xml; path = Info.plist; sourceTree = "<group>"; };
		C9A7DC522092BF3200D34E4F /* 013-tableViewUITests.xctest */ = {isa = PBXFileReference; explicitFileType = wrapper.cfbundle; includeInIndex = 0; path = "013-tableViewUITests.xctest"; sourceTree = BUILT_PRODUCTS_DIR; };
		C9A7DC562092BF3200D34E4F /* _13_tableViewUITests.swift */ = {isa = PBXFileReference; lastKnownFileType = sourcecode.swift; path = _13_tableViewUITests.swift; sourceTree = "<group>"; };
		C9A7DC582092BF3200D34E4F /* Info.plist */ = {isa = PBXFileReference; lastKnownFileType = text.plist.xml; path = Info.plist; sourceTree = "<group>"; };
/* End PBXFileReference section */

/* Begin PBXFrameworksBuildPhase section */
		C9A7DC302092BF2F00D34E4F /* Frameworks */ = {
			isa = PBXFrameworksBuildPhase;
			buildActionMask = 2147483647;
			files = (
			);
			runOnlyForDeploymentPostprocessing = 0;
		};
		C9A7DC442092BF3200D34E4F /* Frameworks */ = {
			isa = PBXFrameworksBuildPhase;
			buildActionMask = 2147483647;
			files = (
			);
			runOnlyForDeploymentPostprocessing = 0;
		};
		C9A7DC4F2092BF3200D34E4F /* Frameworks */ = {
			isa = PBXFrameworksBuildPhase;
			buildActionMask = 2147483647;
			files = (
			);
			runOnlyForDeploymentPostprocessing = 0;
		};
/* End PBXFrameworksBuildPhase section */

/* Begin PBXGroup section */
		C9A7DC2A2092BF2F00D34E4F = {
			isa = PBXGroup;
			children = (
				C9A7DC352092BF2F00D34E4F /* 013-tableView */,
				C9A7DC4A2092BF3200D34E4F /* 013-tableViewTests */,
				C9A7DC552092BF3200D34E4F /* 013-tableViewUITests */,
				C9A7DC342092BF2F00D34E4F /* Products */,
			);
			sourceTree = "<group>";
		};
		C9A7DC342092BF2F00D34E4F /* Products */ = {
			isa = PBXGroup;
			children = (
				C9A7DC332092BF2F00D34E4F /* 013-tableView.app */,
				C9A7DC472092BF3200D34E4F /* 013-tableViewTests.xctest */,
				C9A7DC522092BF3200D34E4F /* 013-tableViewUITests.xctest */,
			);
			name = Products;
			sourceTree = "<group>";
		};
		C9A7DC352092BF2F00D34E4F /* 013-tableView */ = {
			isa = PBXGroup;
			children = (
				C9A7DC362092BF2F00D34E4F /* AppDelegate.swift */,
				C9A7DC382092BF2F00D34E4F /* ViewController.swift */,
				C9A7DC3A2092BF2F00D34E4F /* Main.storyboard */,
				C9A7DC3D2092BF3200D34E4F /* Assets.xcassets */,
				C9A7DC3F2092BF3200D34E4F /* LaunchScreen.storyboard */,
				C9A7DC422092BF3200D34E4F /* Info.plist */,
			);
			path = "013-tableView";
			sourceTree = "<group>";
		};
		C9A7DC4A2092BF3200D34E4F /* 013-tableViewTests */ = {
			isa = PBXGroup;
			children = (
				C9A7DC4B2092BF3200D34E4F /* _13_tableViewTests.swift */,
				C9A7DC4D2092BF3200D34E4F /* Info.plist */,
			);
			path = "013-tableViewTests";
			sourceTree = "<group>";
		};
		C9A7DC552092BF3200D34E4F /* 013-tableViewUITests */ = {
			isa = PBXGroup;
			children = (
				C9A7DC562092BF3200D34E4F /* _13_tableViewUITests.swift */,
				C9A7DC582092BF3200D34E4F /* Info.plist */,
			);
			path = "013-tableViewUITests";
			sourceTree = "<group>";
		};
/* End PBXGroup section */

/* Begin PBXNativeTarget section */
		C9A7DC322092BF2F00D34E4F /* 013-tableView */ = {
			isa = PBXNativeTarget;
			buildConfigurationList = C9A7DC5B2092BF3200D34E4F /* Build configuration list for PBXNativeTarget "013-tableView" */;
			buildPhases = (
				C9A7DC2F2092BF2F00D34E4F /* Sources */,
				C9A7DC302092BF2F00D34E4F /* Frameworks */,
				C9A7DC312092BF2F00D34E4F /* Resources */,
			);
			buildRules = (
			);
			dependencies = (
			);
			name = "013-tableView";
			productName = "013-tableView";
			productReference = C9A7DC332092BF2F00D34E4F /* 013-tableView.app */;
			productType = "com.apple.product-type.application";
		};
		C9A7DC462092BF3200D34E4F /* 013-tableViewTests */ = {
			isa = PBXNativeTarget;
			buildConfigurationList = C9A7DC5E2092BF3200D34E4F /* Build configuration list for PBXNativeTarget "013-tableViewTests" */;
			buildPhases = (
				C9A7DC432092BF3200D34E4F /* Sources */,
				C9A7DC442092BF3200D34E4F /* Frameworks */,
				C9A7DC452092BF3200D34E4F /* Resources */,
			);
			buildRules = (
			);
			dependencies = (
				C9A7DC492092BF3200D34E4F /* PBXTargetDependency */,
			);
			name = "013-tableViewTests";
			productName = "013-tableViewTests";
			productReference = C9A7DC472092BF3200D34E4F /* 013-tableViewTests.xctest */;
			productType = "com.apple.product-type.bundle.unit-test";
		};
		C9A7DC512092BF3200D34E4F /* 013-tableViewUITests */ = {
			isa = PBXNativeTarget;
			buildConfigurationList = C9A7DC612092BF3200D34E4F /* Build configuration list for PBXNativeTarget "013-tableViewUITests" */;
			buildPhases = (
				C9A7DC4E2092BF3200D34E4F /* Sources */,
				C9A7DC4F2092BF3200D34E4F /* Frameworks */,
				C9A7DC502092BF3200D34E4F /* Resources */,
			);
			buildRules = (
			);
			dependencies = (
				C9A7DC542092BF3200D34E4F /* PBXTargetDependency */,
			);
			name = "013-tableViewUITests";
			productName = "013-tableViewUITests";
			productReference = C9A7DC522092BF3200D34E4F /* 013-tableViewUITests.xctest */;
			productType = "com.apple.product-type.bundle.ui-testing";
		};
/* End PBXNativeTarget section */

/* Begin PBXProject section */
		C9A7DC2B2092BF2F00D34E4F /* Project object */ = {
			isa = PBXProject;
			attributes = {
				LastSwiftUpdateCheck = 0930;
				LastUpgradeCheck = 0930;
				ORGANIZATIONNAME = SYJ;
				TargetAttributes = {
					C9A7DC322092BF2F00D34E4F = {
						CreatedOnToolsVersion = 9.3;
					};
					C9A7DC462092BF3200D34E4F = {
						CreatedOnToolsVersion = 9.3;
						TestTargetID = C9A7DC322092BF2F00D34E4F;
					};
					C9A7DC512092BF3200D34E4F = {
						CreatedOnToolsVersion = 9.3;
						TestTargetID = C9A7DC322092BF2F00D34E4F;
					};
				};
			};
			buildConfigurationList = C9A7DC2E2092BF2F00D34E4F /* Build configuration list for PBXProject "013-tableView" */;
			compatibilityVersion = "Xcode 9.3";
			developmentRegion = en;
			hasScannedForEncodings = 0;
			knownRegions = (
				en,
				Base,
			);
			mainGroup = C9A7DC2A2092BF2F00D34E4F;
			productRefGroup = C9A7DC342092BF2F00D34E4F /* Products */;
			projectDirPath = "";
			projectRoot = "";
			targets = (
				C9A7DC322092BF2F00D34E4F /* 013-tableView */,
				C9A7DC462092BF3200D34E4F /* 013-tableViewTests */,
				C9A7DC512092BF3200D34E4F /* 013-tableViewUITests */,
			);
		};
/* End PBXProject section */

/* Begin PBXResourcesBuildPhase section */
		C9A7DC312092BF2F00D34E4F /* Resources */ = {
			isa = PBXResourcesBuildPhase;
			buildActionMask = 2147483647;
			files = (
				C9A7DC412092BF3200D34E4F /* LaunchScreen.storyboard in Resources */,
				C9A7DC3E2092BF3200D34E4F /* Assets.xcassets in Resources */,
				C9A7DC3C2092BF2F00D34E4F /* Main.storyboard in Resources */,
			);
			runOnlyForDeploymentPostprocessing = 0;
		};
		C9A7DC452092BF3200D34E4F /* Resources */ = {
			isa = PBXResourcesBuildPhase;
			buildActionMask = 2147483647;
			files = (
			);
			runOnlyForDeploymentPostprocessing = 0;
		};
		C9A7DC502092BF3200D34E4F /* Resources */ = {
			isa = PBXResourcesBuildPhase;
			buildActionMask = 2147483647;
			files = (
			);
			runOnlyForDeploymentPostprocessing = 0;
		};
/* End PBXResourcesBuildPhase section */

/* Begin PBXSourcesBuildPhase section */
		C9A7DC2F2092BF2F00D34E4F /* Sources */ = {
			isa = PBXSourcesBuildPhase;
			buildActionMask = 2147483647;
			files = (
				C9A7DC392092BF2F00D34E4F /* ViewController.swift in Sources */,
				C9A7DC372092BF2F00D34E4F /* AppDelegate.swift in Sources */,
			);
			runOnlyForDeploymentPostprocessing = 0;
		};
		C9A7DC432092BF3200D34E4F /* Sources */ = {
			isa = PBXSourcesBuildPhase;
			buildActionMask = 2147483647;
			files = (
				C9A7DC4C2092BF3200D34E4F /* _13_tableViewTests.swift in Sources */,
			);
			runOnlyForDeploymentPostprocessing = 0;
		};
		C9A7DC4E2092BF3200D34E4F /* Sources */ = {
			isa = PBXSourcesBuildPhase;
			buildActionMask = 2147483647;
			files = (
				C9A7DC572092BF3200D34E4F /* _13_tableViewUITests.swift in Sources */,
			);
			runOnlyForDeploymentPostprocessing = 0;
		};
/* End PBXSourcesBuildPhase section */

/* Begin PBXTargetDependency section */
		C9A7DC492092BF3200D34E4F /* PBXTargetDependency */ = {
			isa = PBXTargetDependency;
			target = C9A7DC322092BF2F00D34E4F /* 013-tableView */;
			targetProxy = C9A7DC482092BF3200D34E4F /* PBXContainerItemProxy */;
		};
		C9A7DC542092BF3200D34E4F /* PBXTargetDependency */ = {
			isa = PBXTargetDependency;
			target = C9A7DC322092BF2F00D34E4F /* 013-tableView */;
			targetProxy = C9A7DC532092BF3200D34E4F /* PBXContainerItemProxy */;
		};
/* End PBXTargetDependency section */

/* Begin PBXVariantGroup section */
		C9A7DC3A2092BF2F00D34E4F /* Main.storyboard */ = {
			isa = PBXVariantGroup;
			children = (
				C9A7DC3B2092BF2F00D34E4F /* Base */,
			);
			name = Main.storyboard;
			sourceTree = "<group>";
		};
		C9A7DC3F2092BF3200D34E4F /* LaunchScreen.storyboard */ = {
			isa = PBXVariantGroup;
			children = (
				C9A7DC402092BF3200D34E4F /* Base */,
			);
			name = LaunchScreen.storyboard;
			sourceTree = "<group>";
		};
/* End PBXVariantGroup section */

/* Begin XCBuildConfiguration section */
		C9A7DC592092BF3200D34E4F /* Debug */ = {
			isa = XCBuildConfiguration;
			buildSettings = {
				ALWAYS_SEARCH_USER_PATHS = NO;
				CLANG_ANALYZER_NONNULL = YES;
				CLANG_ANALYZER_NUMBER_OBJECT_CONVERSION = YES_AGGRESSIVE;
				CLANG_CXX_LANGUAGE_STANDARD = "gnu++14";
				CLANG_CXX_LIBRARY = "libc++";
				CLANG_ENABLE_MODULES = YES;
				CLANG_ENABLE_OBJC_ARC = YES;
				CLANG_ENABLE_OBJC_WEAK = YES;
				CLANG_WARN_BLOCK_CAPTURE_AUTORELEASING = YES;
				CLANG_WARN_BOOL_CONVERSION = YES;
				CLANG_WARN_COMMA = YES;
				CLANG_WARN_CONSTANT_CONVERSION = YES;
				CLANG_WARN_DEPRECATED_OBJC_IMPLEMENTATIONS = YES;
				CLANG_WARN_DIRECT_OBJC_ISA_USAGE = YES_ERROR;
				CLANG_WARN_DOCUMENTATION_COMMENTS = YES;
				CLANG_WARN_EMPTY_BODY = YES;
				CLANG_WARN_ENUM_CONVERSION = YES;
				CLANG_WARN_INFINITE_RECURSION = YES;
				CLANG_WARN_INT_CONVERSION = YES;
				CLANG_WARN_NON_LITERAL_NULL_CONVERSION = YES;
				CLANG_WARN_OBJC_IMPLICIT_RETAIN_SELF = YES;
				CLANG_WARN_OBJC_LITERAL_CONVERSION = YES;
				CLANG_WARN_OBJC_ROOT_CLASS = YES_ERROR;
				CLANG_WARN_RANGE_LOOP_ANALYSIS = YES;
				CLANG_WARN_STRICT_PROTOTYPES = YES;
				CLANG_WARN_SUSPICIOUS_MOVE = YES;
				CLANG_WARN_UNGUARDED_AVAILABILITY = YES_AGGRESSIVE;
				CLANG_WARN_UNREACHABLE_CODE = YES;
				CLANG_WARN__DUPLICATE_METHOD_MATCH = YES;
				CODE_SIGN_IDENTITY = "iPhone Developer";
				COPY_PHASE_STRIP = NO;
				DEBUG_INFORMATION_FORMAT = dwarf;
				ENABLE_STRICT_OBJC_MSGSEND = YES;
				ENABLE_TESTABILITY = YES;
				GCC_C_LANGUAGE_STANDARD = gnu11;
				GCC_DYNAMIC_NO_PIC = NO;
				GCC_NO_COMMON_BLOCKS = YES;
				GCC_OPTIMIZATION_LEVEL = 0;
				GCC_PREPROCESSOR_DEFINITIONS = (
					"DEBUG=1",
					"$(inherited)",
				);
				GCC_WARN_64_TO_32_BIT_CONVERSION = YES;
				GCC_WARN_ABOUT_RETURN_TYPE = YES_ERROR;
				GCC_WARN_UNDECLARED_SELECTOR = YES;
				GCC_WARN_UNINITIALIZED_AUTOS = YES_AGGRESSIVE;
				GCC_WARN_UNUSED_FUNCTION = YES;
				GCC_WARN_UNUSED_VARIABLE = YES;
				IPHONEOS_DEPLOYMENT_TARGET = 11.3;
				MTL_ENABLE_DEBUG_INFO = YES;
				ONLY_ACTIVE_ARCH = YES;
				SDKROOT = iphoneos;
				SWIFT_ACTIVE_COMPILATION_CONDITIONS = DEBUG;
				SWIFT_OPTIMIZATION_LEVEL = "-Onone";
			};
			name = Debug;
		};
		C9A7DC5A2092BF3200D34E4F /* Release */ = {
			isa = XCBuildConfiguration;
			buildSettings = {
				ALWAYS_SEARCH_USER_PATHS = NO;
				CLANG_ANALYZER_NONNULL = YES;
				CLANG_ANALYZER_NUMBER_OBJECT_CONVERSION = YES_AGGRESSIVE;
				CLANG_CXX_LANGUAGE_STANDARD = "gnu++14";
				CLANG_CXX_LIBRARY = "libc++";
				CLANG_ENABLE_MODULES = YES;
				CLANG_ENABLE_OBJC_ARC = YES;
				CLANG_ENABLE_OBJC_WEAK = YES;
				CLANG_WARN_BLOCK_CAPTURE_AUTORELEASING = YES;
				CLANG_WARN_BOOL_CONVERSION = YES;
				CLANG_WARN_COMMA = YES;
				CLANG_WARN_CONSTANT_CONVERSION = YES;
				CLANG_WARN_DEPRECATED_OBJC_IMPLEMENTATIONS = YES;
				CLANG_WARN_DIRECT_OBJC_ISA_USAGE = YES_ERROR;
				CLANG_WARN_DOCUMENTATION_COMMENTS = YES;
				CLANG_WARN_EMPTY_BODY = YES;
				CLANG_WARN_ENUM_CONVERSION = YES;
				CLANG_WARN_INFINITE_RECURSION = YES;
				CLANG_WARN_INT_CONVERSION = YES;
				CLANG_WARN_NON_LITERAL_NULL_CONVERSION = YES;
				CLANG_WARN_OBJC_IMPLICIT_RETAIN_SELF = YES;
				CLANG_WARN_OBJC_LITERAL_CONVERSION = YES;
				CLANG_WARN_OBJC_ROOT_CLASS = YES_ERROR;
				CLANG_WARN_RANGE_LOOP_ANALYSIS = YES;
				CLANG_WARN_STRICT_PROTOTYPES = YES;
				CLANG_WARN_SUSPICIOUS_MOVE = YES;
				CLANG_WARN_UNGUARDED_AVAILABILITY = YES_AGGRESSIVE;
				CLANG_WARN_UNREACHABLE_CODE = YES;
				CLANG_WARN__DUPLICATE_METHOD_MATCH = YES;
				CODE_SIGN_IDENTITY = "iPhone Developer";
				COPY_PHASE_STRIP = NO;
				DEBUG_INFORMATION_FORMAT = "dwarf-with-dsym";
				ENABLE_NS_ASSERTIONS = NO;
				ENABLE_STRICT_OBJC_MSGSEND = YES;
				GCC_C_LANGUAGE_STANDARD = gnu11;
				GCC_NO_COMMON_BLOCKS = YES;
				GCC_WARN_64_TO_32_BIT_CONVERSION = YES;
				GCC_WARN_ABOUT_RETURN_TYPE = YES_ERROR;
				GCC_WARN_UNDECLARED_SELECTOR = YES;
				GCC_WARN_UNINITIALIZED_AUTOS = YES_AGGRESSIVE;
				GCC_WARN_UNUSED_FUNCTION = YES;
				GCC_WARN_UNUSED_VARIABLE = YES;
				IPHONEOS_DEPLOYMENT_TARGET = 11.3;
				MTL_ENABLE_DEBUG_INFO = NO;
				SDKROOT = iphoneos;
				SWIFT_COMPILATION_MODE = wholemodule;
				SWIFT_OPTIMIZATION_LEVEL = "-O";
				VALIDATE_PRODUCT = YES;
			};
			name = Release;
		};
		C9A7DC5C2092BF3200D34E4F /* Debug */ = {
			isa = XCBuildConfiguration;
			buildSettings = {
				ASSETCATALOG_COMPILER_APPICON_NAME = AppIcon;
				CODE_SIGN_STYLE = Automatic;
				INFOPLIST_FILE = "013-tableView/Info.plist";
				LD_RUNPATH_SEARCH_PATHS = (
					"$(inherited)",
					"@executable_path/Frameworks",
				);
				PRODUCT_BUNDLE_IDENTIFIER = "com.syj.-13-tableView";
				PRODUCT_NAME = "$(TARGET_NAME)";
				SWIFT_VERSION = 4.0;
				TARGETED_DEVICE_FAMILY = "1,2";
			};
			name = Debug;
		};
		C9A7DC5D2092BF3200D34E4F /* Release */ = {
			isa = XCBuildConfiguration;
			buildSettings = {
				ASSETCATALOG_COMPILER_APPICON_NAME = AppIcon;
				CODE_SIGN_STYLE = Automatic;
				INFOPLIST_FILE = "013-tableView/Info.plist";
				LD_RUNPATH_SEARCH_PATHS = (
					"$(inherited)",
					"@executable_path/Frameworks",
				);
				PRODUCT_BUNDLE_IDENTIFIER = "com.syj.-13-tableView";
				PRODUCT_NAME = "$(TARGET_NAME)";
				SWIFT_VERSION = 4.0;
				TARGETED_DEVICE_FAMILY = "1,2";
			};
			name = Release;
		};
		C9A7DC5F2092BF3200D34E4F /* Debug */ = {
			isa = XCBuildConfiguration;
			buildSettings = {
				ALWAYS_EMBED_SWIFT_STANDARD_LIBRARIES = YES;
				BUNDLE_LOADER = "$(TEST_HOST)";
				CODE_SIGN_STYLE = Automatic;
				INFOPLIST_FILE = "013-tableViewTests/Info.plist";
				LD_RUNPATH_SEARCH_PATHS = (
					"$(inherited)",
					"@executable_path/Frameworks",
					"@loader_path/Frameworks",
				);
				PRODUCT_BUNDLE_IDENTIFIER = "com.syj.-13-tableViewTests";
				PRODUCT_NAME = "$(TARGET_NAME)";
				SWIFT_VERSION = 4.0;
				TARGETED_DEVICE_FAMILY = "1,2";
				TEST_HOST = "$(BUILT_PRODUCTS_DIR)/013-tableView.app/013-tableView";
			};
			name = Debug;
		};
		C9A7DC602092BF3200D34E4F /* Release */ = {
			isa = XCBuildConfiguration;
			buildSettings = {
				ALWAYS_EMBED_SWIFT_STANDARD_LIBRARIES = YES;
				BUNDLE_LOADER = "$(TEST_HOST)";
				CODE_SIGN_STYLE = Automatic;
				INFOPLIST_FILE = "013-tableViewTests/Info.plist";
				LD_RUNPATH_SEARCH_PATHS = (
					"$(inherited)",
					"@executable_path/Frameworks",
					"@loader_path/Frameworks",
				);
				PRODUCT_BUNDLE_IDENTIFIER = "com.syj.-13-tableViewTests";
				PRODUCT_NAME = "$(TARGET_NAME)";
				SWIFT_VERSION = 4.0;
				TARGETED_DEVICE_FAMILY = "1,2";
				TEST_HOST = "$(BUILT_PRODUCTS_DIR)/013-tableView.app/013-tableView";
			};
			name = Release;
		};
		C9A7DC622092BF3200D34E4F /* Debug */ = {
			isa = XCBuildConfiguration;
			buildSettings = {
				ALWAYS_EMBED_SWIFT_STANDARD_LIBRARIES = YES;
				CODE_SIGN_STYLE = Automatic;
				INFOPLIST_FILE = "013-tableViewUITests/Info.plist";
				LD_RUNPATH_SEARCH_PATHS = (
					"$(inherited)",
					"@executable_path/Frameworks",
					"@loader_path/Frameworks",
				);
				PRODUCT_BUNDLE_IDENTIFIER = "com.syj.-13-tableViewUITests";
				PRODUCT_NAME = "$(TARGET_NAME)";
				SWIFT_VERSION = 4.0;
				TARGETED_DEVICE_FAMILY = "1,2";
				TEST_TARGET_NAME = "013-tableView";
			};
			name = Debug;
		};
		C9A7DC632092BF3200D34E4F /* Release */ = {
			isa = XCBuildConfiguration;
			buildSettings = {
				ALWAYS_EMBED_SWIFT_STANDARD_LIBRARIES = YES;
				CODE_SIGN_STYLE = Automatic;
				INFOPLIST_FILE = "013-tableViewUITests/Info.plist";
				LD_RUNPATH_SEARCH_PATHS = (
					"$(inherited)",
					"@executable_path/Frameworks",
					"@loader_path/Frameworks",
				);
				PRODUCT_BUNDLE_IDENTIFIER = "com.syj.-13-tableViewUITests";
				PRODUCT_NAME = "$(TARGET_NAME)";
				SWIFT_VERSION = 4.0;
				TARGETED_DEVICE_FAMILY = "1,2";
				TEST_TARGET_NAME = "013-tableView";
			};
			name = Release;
		};
/* End XCBuildConfiguration section */

/* Begin XCConfigurationList section */
		C9A7DC2E2092BF2F00D34E4F /* Build configuration list for PBXProject "013-tableView" */ = {
			isa = XCConfigurationList;
			buildConfigurations = (
				C9A7DC592092BF3200D34E4F /* Debug */,
				C9A7DC5A2092BF3200D34E4F /* Release */,
			);
			defaultConfigurationIsVisible = 0;
			defaultConfigurationName = Release;
		};
		C9A7DC5B2092BF3200D34E4F /* Build configuration list for PBXNativeTarget "013-tableView" */ = {
			isa = XCConfigurationList;
			buildConfigurations = (
				C9A7DC5C2092BF3200D34E4F /* Debug */,
				C9A7DC5D2092BF3200D34E4F /* Release */,
			);
			defaultConfigurationIsVisible = 0;
			defaultConfigurationName = Release;
		};
		C9A7DC5E2092BF3200D34E4F /* Build configuration list for PBXNativeTarget "013-tableViewTests" */ = {
			isa = XCConfigurationList;
			buildConfigurations = (
				C9A7DC5F2092BF3200D34E4F /* Debug */,
				C9A7DC602092BF3200D34E4F /* Release */,
			);
			defaultConfigurationIsVisible = 0;
			defaultConfigurationName = Release;
		};
		C9A7DC612092BF3200D34E4F /* Build configuration list for PBXNativeTarget "013-tableViewUITests" */ = {
			isa = XCConfigurationList;
			buildConfigurations = (
				C9A7DC622092BF3200D34E4F /* Debug */,
				C9A7DC632092BF3200D34E4F /* Release */,
			);
			defaultConfigurationIsVisible = 0;
			defaultConfigurationName = Release;
		};
/* End XCConfigurationList section */
	};
	rootObject = C9A7DC2B2092BF2F00D34E4F /* Project object */;
}
