// !$*UTF8*$!
{
	archiveVersion = 1;
	classes = {
	};
	objectVersion = 50;
	objects = {

/* Begin PBXBuildFile section */
		C9A7DC712092C2DC00D34E4F /* AppDelegate.swift in Sources */ = {isa = PBXBuildFile; fileRef = C9A7DC702092C2DC00D34E4F /* AppDelegate.swift */; };
		C9A7DC732092C2DC00D34E4F /* ViewController.swift in Sources */ = {isa = PBXBuildFile; fileRef = C9A7DC722092C2DC00D34E4F /* ViewController.swift */; };
		C9A7DC762092C2DC00D34E4F /* Main.storyboard in Resources */ = {isa = PBXBuildFile; fileRef = C9A7DC742092C2DC00D34E4F /* Main.storyboard */; };
		C9A7DC782092C2DD00D34E4F /* Assets.xcassets in Resources */ = {isa = PBXBuildFile; fileRef = C9A7DC772092C2DD00D34E4F /* Assets.xcassets */; };
		C9A7DC7B2092C2DD00D34E4F /* LaunchScreen.storyboard in Resources */ = {isa = PBXBuildFile; fileRef = C9A7DC792092C2DD00D34E4F /* LaunchScreen.storyboard */; };
		C9A7DC862092C2DD00D34E4F /* _14_UICollectionViewTests.swift in Sources */ = {isa = PBXBuildFile; fileRef = C9A7DC852092C2DD00D34E4F /* _14_UICollectionViewTests.swift */; };
		C9A7DC912092C2DD00D34E4F /* _14_UICollectionViewUITests.swift in Sources */ = {isa = PBXBuildFile; fileRef = C9A7DC902092C2DD00D34E4F /* _14_UICollectionViewUITests.swift */; };
/* End PBXBuildFile section */

/* Begin PBXContainerItemProxy section */
		C9A7DC822092C2DD00D34E4F /* PBXContainerItemProxy */ = {
			isa = PBXContainerItemProxy;
			containerPortal = C9A7DC652092C2DC00D34E4F /* Project object */;
			proxyType = 1;
			remoteGlobalIDString = C9A7DC6C2092C2DC00D34E4F;
			remoteInfo = "014-UICollectionView";
		};
		C9A7DC8D2092C2DD00D34E4F /* PBXContainerItemProxy */ = {
			isa = PBXContainerItemProxy;
			containerPortal = C9A7DC652092C2DC00D34E4F /* Project object */;
			proxyType = 1;
			remoteGlobalIDString = C9A7DC6C2092C2DC00D34E4F;
			remoteInfo = "014-UICollectionView";
		};
/* End PBXContainerItemProxy section */

/* Begin PBXFileReference section */
		C9A7DC6D2092C2DC00D34E4F /* 014-UICollectionView.app */ = {isa = PBXFileReference; explicitFileType = wrapper.application; includeInIndex = 0; path = "014-UICollectionView.app"; sourceTree = BUILT_PRODUCTS_DIR; };
		C9A7DC702092C2DC00D34E4F /* AppDelegate.swift */ = {isa = PBXFileReference; lastKnownFileType = sourcecode.swift; path = AppDelegate.swift; sourceTree = "<group>"; };
		C9A7DC722092C2DC00D34E4F /* ViewController.swift */ = {isa = PBXFileReference; lastKnownFileType = sourcecode.swift; path = ViewController.swift; sourceTree = "<group>"; };
		C9A7DC752092C2DC00D34E4F /* Base */ = {isa = PBXFileReference; lastKnownFileType = file.storyboard; name = Base; path = Base.lproj/Main.storyboard; sourceTree = "<group>"; };
		C9A7DC772092C2DD00D34E4F /* Assets.xcassets */ = {isa = PBXFileReference; lastKnownFileType = folder.assetcatalog; path = Assets.xcassets; sourceTree = "<group>"; };
		C9A7DC7A2092C2DD00D34E4F /* Base */ = {isa = PBXFileReference; lastKnownFileType = file.storyboard; name = Base; path = Base.lproj/LaunchScreen.storyboard; sourceTree = "<group>"; };
		C9A7DC7C2092C2DD00D34E4F /* Info.plist */ = {isa = PBXFileReference; lastKnownFileType = text.plist.xml; path = Info.plist; sourceTree = "<group>"; };
		C9A7DC812092C2DD00D34E4F /* 014-UICollectionViewTests.xctest */ = {isa = PBXFileReference; explicitFileType = wrapper.cfbundle; includeInIndex = 0; path = "014-UICollectionViewTests.xctest"; sourceTree = BUILT_PRODUCTS_DIR; };
		C9A7DC852092C2DD00D34E4F /* _14_UICollectionViewTests.swift */ = {isa = PBXFileReference; lastKnownFileType = sourcecode.swift; path = _14_UICollectionViewTests.swift; sourceTree = "<group>"; };
		C9A7DC872092C2DD00D34E4F /* Info.plist */ = {isa = PBXFileReference; lastKnownFileType = text.plist.xml; path = Info.plist; sourceTree = "<group>"; };
		C9A7DC8C2092C2DD00D34E4F /* 014-UICollectionViewUITests.xctest */ = {isa = PBXFileReference; explicitFileType = wrapper.cfbundle; includeInIndex = 0; path = "014-UICollectionViewUITests.xctest"; sourceTree = BUILT_PRODUCTS_DIR; };
		C9A7DC902092C2DD00D34E4F /* _14_UICollectionViewUITests.swift */ = {isa = PBXFileReference; lastKnownFileType = sourcecode.swift; path = _14_UICollectionViewUITests.swift; sourceTree = "<group>"; };
		C9A7DC922092C2DD00D34E4F /* Info.plist */ = {isa = PBXFileReference; lastKnownFileType = text.plist.xml; path = Info.plist; sourceTree = "<group>"; };
/* End PBXFileReference section */

/* Begin PBXFrameworksBuildPhase section */
		C9A7DC6A2092C2DC00D34E4F /* Frameworks */ = {
			isa = PBXFrameworksBuildPhase;
			buildActionMask = 2147483647;
			files = (
			);
			runOnlyForDeploymentPostprocessing = 0;
		};
		C9A7DC7E2092C2DD00D34E4F /* Frameworks */ = {
			isa = PBXFrameworksBuildPhase;
			buildActionMask = 2147483647;
			files = (
			);
			runOnlyForDeploymentPostprocessing = 0;
		};
		C9A7DC892092C2DD00D34E4F /* Frameworks */ = {
			isa = PBXFrameworksBuildPhase;
			buildActionMask = 2147483647;
			files = (
			);
			runOnlyForDeploymentPostprocessing = 0;
		};
/* End PBXFrameworksBuildPhase section */

/* Begin PBXGroup section */
		C9A7DC642092C2DC00D34E4F = {
			isa = PBXGroup;
			children = (
				C9A7DC6F2092C2DC00D34E4F /* 014-UICollectionView */,
				C9A7DC842092C2DD00D34E4F /* 014-UICollectionViewTests */,
				C9A7DC8F2092C2DD00D34E4F /* 014-UICollectionViewUITests */,
				C9A7DC6E2092C2DC00D34E4F /* Products */,
			);
			sourceTree = "<group>";
		};
		C9A7DC6E2092C2DC00D34E4F /* Products */ = {
			isa = PBXGroup;
			children = (
				C9A7DC6D2092C2DC00D34E4F /* 014-UICollectionView.app */,
				C9A7DC812092C2DD00D34E4F /* 014-UICollectionViewTests.xctest */,
				C9A7DC8C2092C2DD00D34E4F /* 014-UICollectionViewUITests.xctest */,
			);
			name = Products;
			sourceTree = "<group>";
		};
		C9A7DC6F2092C2DC00D34E4F /* 014-UICollectionView */ = {
			isa = PBXGroup;
			children = (
				C9A7DC702092C2DC00D34E4F /* AppDelegate.swift */,
				C9A7DC722092C2DC00D34E4F /* ViewController.swift */,
				C9A7DC742092C2DC00D34E4F /* Main.storyboard */,
				C9A7DC772092C2DD00D34E4F /* Assets.xcassets */,
				C9A7DC792092C2DD00D34E4F /* LaunchScreen.storyboard */,
				C9A7DC7C2092C2DD00D34E4F /* Info.plist */,
			);
			path = "014-UICollectionView";
			sourceTree = "<group>";
		};
		C9A7DC842092C2DD00D34E4F /* 014-UICollectionViewTests */ = {
			isa = PBXGroup;
			children = (
				C9A7DC852092C2DD00D34E4F /* _14_UICollectionViewTests.swift */,
				C9A7DC872092C2DD00D34E4F /* Info.plist */,
			);
			path = "014-UICollectionViewTests";
			sourceTree = "<group>";
		};
		C9A7DC8F2092C2DD00D34E4F /* 014-UICollectionViewUITests */ = {
			isa = PBXGroup;
			children = (
				C9A7DC902092C2DD00D34E4F /* _14_UICollectionViewUITests.swift */,
				C9A7DC922092C2DD00D34E4F /* Info.plist */,
			);
			path = "014-UICollectionViewUITests";
			sourceTree = "<group>";
		};
/* End PBXGroup section */

/* Begin PBXNativeTarget section */
		C9A7DC6C2092C2DC00D34E4F /* 014-UICollectionView */ = {
			isa = PBXNativeTarget;
			buildConfigurationList = C9A7DC952092C2DD00D34E4F /* Build configuration list for PBXNativeTarget "014-UICollectionView" */;
			buildPhases = (
				C9A7DC692092C2DC00D34E4F /* Sources */,
				C9A7DC6A2092C2DC00D34E4F /* Frameworks */,
				C9A7DC6B2092C2DC00D34E4F /* Resources */,
			);
			buildRules = (
			);
			dependencies = (
			);
			name = "014-UICollectionView";
			productName = "014-UICollectionView";
			productReference = C9A7DC6D2092C2DC00D34E4F /* 014-UICollectionView.app */;
			productType = "com.apple.product-type.application";
		};
		C9A7DC802092C2DD00D34E4F /* 014-UICollectionViewTests */ = {
			isa = PBXNativeTarget;
			buildConfigurationList = C9A7DC982092C2DD00D34E4F /* Build configuration list for PBXNativeTarget "014-UICollectionViewTests" */;
			buildPhases = (
				C9A7DC7D2092C2DD00D34E4F /* Sources */,
				C9A7DC7E2092C2DD00D34E4F /* Frameworks */,
				C9A7DC7F2092C2DD00D34E4F /* Resources */,
			);
			buildRules = (
			);
			dependencies = (
				C9A7DC832092C2DD00D34E4F /* PBXTargetDependency */,
			);
			name = "014-UICollectionViewTests";
			productName = "014-UICollectionViewTests";
			productReference = C9A7DC812092C2DD00D34E4F /* 014-UICollectionViewTests.xctest */;
			productType = "com.apple.product-type.bundle.unit-test";
		};
		C9A7DC8B2092C2DD00D34E4F /* 014-UICollectionViewUITests */ = {
			isa = PBXNativeTarget;
			buildConfigurationList = C9A7DC9B2092C2DD00D34E4F /* Build configuration list for PBXNativeTarget "014-UICollectionViewUITests" */;
			buildPhases = (
				C9A7DC882092C2DD00D34E4F /* Sources */,
				C9A7DC892092C2DD00D34E4F /* Frameworks */,
				C9A7DC8A2092C2DD00D34E4F /* Resources */,
			);
			buildRules = (
			);
			dependencies = (
				C9A7DC8E2092C2DD00D34E4F /* PBXTargetDependency */,
			);
			name = "014-UICollectionViewUITests";
			productName = "014-UICollectionViewUITests";
			productReference = C9A7DC8C2092C2DD00D34E4F /* 014-UICollectionViewUITests.xctest */;
			productType = "com.apple.product-type.bundle.ui-testing";
		};
/* End PBXNativeTarget section */

/* Begin PBXProject section */
		C9A7DC652092C2DC00D34E4F /* Project object */ = {
			isa = PBXProject;
			attributes = {
				LastSwiftUpdateCheck = 0930;
				LastUpgradeCheck = 0930;
				ORGANIZATIONNAME = SYJ;
				TargetAttributes = {
					C9A7DC6C2092C2DC00D34E4F = {
						CreatedOnToolsVersion = 9.3;
					};
					C9A7DC802092C2DD00D34E4F = {
						CreatedOnToolsVersion = 9.3;
						TestTargetID = C9A7DC6C2092C2DC00D34E4F;
					};
					C9A7DC8B2092C2DD00D34E4F = {
						CreatedOnToolsVersion = 9.3;
						TestTargetID = C9A7DC6C2092C2DC00D34E4F;
					};
				};
			};
			buildConfigurationList = C9A7DC682092C2DC00D34E4F /* Build configuration list for PBXProject "014-UICollectionView" */;
			compatibilityVersion = "Xcode 9.3";
			developmentRegion = en;
			hasScannedForEncodings = 0;
			knownRegions = (
				en,
				Base,
			);
			mainGroup = C9A7DC642092C2DC00D34E4F;
			productRefGroup = C9A7DC6E2092C2DC00D34E4F /* Products */;
			projectDirPath = "";
			projectRoot = "";
			targets = (
				C9A7DC6C2092C2DC00D34E4F /* 014-UICollectionView */,
				C9A7DC802092C2DD00D34E4F /* 014-UICollectionViewTests */,
				C9A7DC8B2092C2DD00D34E4F /* 014-UICollectionViewUITests */,
			);
		};
/* End PBXProject section */

/* Begin PBXResourcesBuildPhase section */
		C9A7DC6B2092C2DC00D34E4F /* Resources */ = {
			isa = PBXResourcesBuildPhase;
			buildActionMask = 2147483647;
			files = (
				C9A7DC7B2092C2DD00D34E4F /* LaunchScreen.storyboard in Resources */,
				C9A7DC782092C2DD00D34E4F /* Assets.xcassets in Resources */,
				C9A7DC762092C2DC00D34E4F /* Main.storyboard in Resources */,
			);
			runOnlyForDeploymentPostprocessing = 0;
		};
		C9A7DC7F2092C2DD00D34E4F /* Resources */ = {
			isa = PBXResourcesBuildPhase;
			buildActionMask = 2147483647;
			files = (
			);
			runOnlyForDeploymentPostprocessing = 0;
		};
		C9A7DC8A2092C2DD00D34E4F /* Resources */ = {
			isa = PBXResourcesBuildPhase;
			buildActionMask = 2147483647;
			files = (
			);
			runOnlyForDeploymentPostprocessing = 0;
		};
/* End PBXResourcesBuildPhase section */

/* Begin PBXSourcesBuildPhase section */
		C9A7DC692092C2DC00D34E4F /* Sources */ = {
			isa = PBXSourcesBuildPhase;
			buildActionMask = 2147483647;
			files = (
				C9A7DC732092C2DC00D34E4F /* ViewController.swift in Sources */,
				C9A7DC712092C2DC00D34E4F /* AppDelegate.swift in Sources */,
			);
			runOnlyForDeploymentPostprocessing = 0;
		};
		C9A7DC7D2092C2DD00D34E4F /* Sources */ = {
			isa = PBXSourcesBuildPhase;
			buildActionMask = 2147483647;
			files = (
				C9A7DC862092C2DD00D34E4F /* _14_UICollectionViewTests.swift in Sources */,
			);
			runOnlyForDeploymentPostprocessing = 0;
		};
		C9A7DC882092C2DD00D34E4F /* Sources */ = {
			isa = PBXSourcesBuildPhase;
			buildActionMask = 2147483647;
			files = (
				C9A7DC912092C2DD00D34E4F /* _14_UICollectionViewUITests.swift in Sources */,
			);
			runOnlyForDeploymentPostprocessing = 0;
		};
/* End PBXSourcesBuildPhase section */

/* Begin PBXTargetDependency section */
		C9A7DC832092C2DD00D34E4F /* PBXTargetDependency */ = {
			isa = PBXTargetDependency;
			target = C9A7DC6C2092C2DC00D34E4F /* 014-UICollectionView */;
			targetProxy = C9A7DC822092C2DD00D34E4F /* PBXContainerItemProxy */;
		};
		C9A7DC8E2092C2DD00D34E4F /* PBXTargetDependency */ = {
			isa = PBXTargetDependency;
			target = C9A7DC6C2092C2DC00D34E4F /* 014-UICollectionView */;
			targetProxy = C9A7DC8D2092C2DD00D34E4F /* PBXContainerItemProxy */;
		};
/* End PBXTargetDependency section */

/* Begin PBXVariantGroup section */
		C9A7DC742092C2DC00D34E4F /* Main.storyboard */ = {
			isa = PBXVariantGroup;
			children = (
				C9A7DC752092C2DC00D34E4F /* Base */,
			);
			name = Main.storyboard;
			sourceTree = "<group>";
		};
		C9A7DC792092C2DD00D34E4F /* LaunchScreen.storyboard */ = {
			isa = PBXVariantGroup;
			children = (
				C9A7DC7A2092C2DD00D34E4F /* Base */,
			);
			name = LaunchScreen.storyboard;
			sourceTree = "<group>";
		};
/* End PBXVariantGroup section */

/* Begin XCBuildConfiguration section */
		C9A7DC932092C2DD00D34E4F /* Debug */ = {
			isa = XCBuildConfiguration;
			buildSettings = {
				ALWAYS_SEARCH_USER_PATHS = NO;
				CLANG_ANALYZER_NONNULL = YES;
				CLANG_ANALYZER_NUMBER_OBJECT_CONVERSION = YES_AGGRESSIVE;
				CLANG_CXX_LANGUAGE_STANDARD = "gnu++14";
				CLANG_CXX_LIBRARY = "libc++";
				CLANG_ENABLE_MODULES = YES;
				CLANG_ENABLE_OBJC_ARC = YES;
				CLANG_ENABLE_OBJC_WEAK = YES;
				CLANG_WARN_BLOCK_CAPTURE_AUTORELEASING = YES;
				CLANG_WARN_BOOL_CONVERSION = YES;
				CLANG_WARN_COMMA = YES;
				CLANG_WARN_CONSTANT_CONVERSION = YES;
				CLANG_WARN_DEPRECATED_OBJC_IMPLEMENTATIONS = YES;
				CLANG_WARN_DIRECT_OBJC_ISA_USAGE = YES_ERROR;
				CLANG_WARN_DOCUMENTATION_COMMENTS = YES;
				CLANG_WARN_EMPTY_BODY = YES;
				CLANG_WARN_ENUM_CONVERSION = YES;
				CLANG_WARN_INFINITE_RECURSION = YES;
				CLANG_WARN_INT_CONVERSION = YES;
				CLANG_WARN_NON_LITERAL_NULL_CONVERSION = YES;
				CLANG_WARN_OBJC_IMPLICIT_RETAIN_SELF = YES;
				CLANG_WARN_OBJC_LITERAL_CONVERSION = YES;
				CLANG_WARN_OBJC_ROOT_CLASS = YES_ERROR;
				CLANG_WARN_RANGE_LOOP_ANALYSIS = YES;
				CLANG_WARN_STRICT_PROTOTYPES = YES;
				CLANG_WARN_SUSPICIOUS_MOVE = YES;
				CLANG_WARN_UNGUARDED_AVAILABILITY = YES_AGGRESSIVE;
				CLANG_WARN_UNREACHABLE_CODE = YES;
				CLANG_WARN__DUPLICATE_METHOD_MATCH = YES;
				CODE_SIGN_IDENTITY = "iPhone Developer";
				COPY_PHASE_STRIP = NO;
				DEBUG_INFORMATION_FORMAT = dwarf;
				ENABLE_STRICT_OBJC_MSGSEND = YES;
				ENABLE_TESTABILITY = YES;
				GCC_C_LANGUAGE_STANDARD = gnu11;
				GCC_DYNAMIC_NO_PIC = NO;
				GCC_NO_COMMON_BLOCKS = YES;
				GCC_OPTIMIZATION_LEVEL = 0;
				GCC_PREPROCESSOR_DEFINITIONS = (
					"DEBUG=1",
					"$(inherited)",
				);
				GCC_WARN_64_TO_32_BIT_CONVERSION = YES;
				GCC_WARN_ABOUT_RETURN_TYPE = YES_ERROR;
				GCC_WARN_UNDECLARED_SELECTOR = YES;
				GCC_WARN_UNINITIALIZED_AUTOS = YES_AGGRESSIVE;
				GCC_WARN_UNUSED_FUNCTION = YES;
				GCC_WARN_UNUSED_VARIABLE = YES;
				IPHONEOS_DEPLOYMENT_TARGET = 11.3;
				MTL_ENABLE_DEBUG_INFO = YES;
				ONLY_ACTIVE_ARCH = YES;
				SDKROOT = iphoneos;
				SWIFT_ACTIVE_COMPILATION_CONDITIONS = DEBUG;
				SWIFT_OPTIMIZATION_LEVEL = "-Onone";
			};
			name = Debug;
		};
		C9A7DC942092C2DD00D34E4F /* Release */ = {
			isa = XCBuildConfiguration;
			buildSettings = {
				ALWAYS_SEARCH_USER_PATHS = NO;
				CLANG_ANALYZER_NONNULL = YES;
				CLANG_ANALYZER_NUMBER_OBJECT_CONVERSION = YES_AGGRESSIVE;
				CLANG_CXX_LANGUAGE_STANDARD = "gnu++14";
				CLANG_CXX_LIBRARY = "libc++";
				CLANG_ENABLE_MODULES = YES;
				CLANG_ENABLE_OBJC_ARC = YES;
				CLANG_ENABLE_OBJC_WEAK = YES;
				CLANG_WARN_BLOCK_CAPTURE_AUTORELEASING = YES;
				CLANG_WARN_BOOL_CONVERSION = YES;
				CLANG_WARN_COMMA = YES;
				CLANG_WARN_CONSTANT_CONVERSION = YES;
				CLANG_WARN_DEPRECATED_OBJC_IMPLEMENTATIONS = YES;
				CLANG_WARN_DIRECT_OBJC_ISA_USAGE = YES_ERROR;
				CLANG_WARN_DOCUMENTATION_COMMENTS = YES;
				CLANG_WARN_EMPTY_BODY = YES;
				CLANG_WARN_ENUM_CONVERSION = YES;
				CLANG_WARN_INFINITE_RECURSION = YES;
				CLANG_WARN_INT_CONVERSION = YES;
				CLANG_WARN_NON_LITERAL_NULL_CONVERSION = YES;
				CLANG_WARN_OBJC_IMPLICIT_RETAIN_SELF = YES;
				CLANG_WARN_OBJC_LITERAL_CONVERSION = YES;
				CLANG_WARN_OBJC_ROOT_CLASS = YES_ERROR;
				CLANG_WARN_RANGE_LOOP_ANALYSIS = YES;
				CLANG_WARN_STRICT_PROTOTYPES = YES;
				CLANG_WARN_SUSPICIOUS_MOVE = YES;
				CLANG_WARN_UNGUARDED_AVAILABILITY = YES_AGGRESSIVE;
				CLANG_WARN_UNREACHABLE_CODE = YES;
				CLANG_WARN__DUPLICATE_METHOD_MATCH = YES;
				CODE_SIGN_IDENTITY = "iPhone Developer";
				COPY_PHASE_STRIP = NO;
				DEBUG_INFORMATION_FORMAT = "dwarf-with-dsym";
				ENABLE_NS_ASSERTIONS = NO;
				ENABLE_STRICT_OBJC_MSGSEND = YES;
				GCC_C_LANGUAGE_STANDARD = gnu11;
				GCC_NO_COMMON_BLOCKS = YES;
				GCC_WARN_64_TO_32_BIT_CONVERSION = YES;
				GCC_WARN_ABOUT_RETURN_TYPE = YES_ERROR;
				GCC_WARN_UNDECLARED_SELECTOR = YES;
				GCC_WARN_UNINITIALIZED_AUTOS = YES_AGGRESSIVE;
				GCC_WARN_UNUSED_FUNCTION = YES;
				GCC_WARN_UNUSED_VARIABLE = YES;
				IPHONEOS_DEPLOYMENT_TARGET = 11.3;
				MTL_ENABLE_DEBUG_INFO = NO;
				SDKROOT = iphoneos;
				SWIFT_COMPILATION_MODE = wholemodule;
				SWIFT_OPTIMIZATION_LEVEL = "-O";
				VALIDATE_PRODUCT = YES;
			};
			name = Release;
		};
		C9A7DC962092C2DD00D34E4F /* Debug */ = {
			isa = XCBuildConfiguration;
			buildSettings = {
				ASSETCATALOG_COMPILER_APPICON_NAME = AppIcon;
				CODE_SIGN_STYLE = Automatic;
				INFOPLIST_FILE = "014-UICollectionView/Info.plist";
				LD_RUNPATH_SEARCH_PATHS = (
					"$(inherited)",
					"@executable_path/Frameworks",
				);
				PRODUCT_BUNDLE_IDENTIFIER = "com.syj.-14-UICollectionView";
				PRODUCT_NAME = "$(TARGET_NAME)";
				SWIFT_VERSION = 4.0;
				TARGETED_DEVICE_FAMILY = "1,2";
			};
			name = Debug;
		};
		C9A7DC972092C2DD00D34E4F /* Release */ = {
			isa = XCBuildConfiguration;
			buildSettings = {
				ASSETCATALOG_COMPILER_APPICON_NAME = AppIcon;
				CODE_SIGN_STYLE = Automatic;
				INFOPLIST_FILE = "014-UICollectionView/Info.plist";
				LD_RUNPATH_SEARCH_PATHS = (
					"$(inherited)",
					"@executable_path/Frameworks",
				);
				PRODUCT_BUNDLE_IDENTIFIER = "com.syj.-14-UICollectionView";
				PRODUCT_NAME = "$(TARGET_NAME)";
				SWIFT_VERSION = 4.0;
				TARGETED_DEVICE_FAMILY = "1,2";
			};
			name = Release;
		};
		C9A7DC992092C2DD00D34E4F /* Debug */ = {
			isa = XCBuildConfiguration;
			buildSettings = {
				ALWAYS_EMBED_SWIFT_STANDARD_LIBRARIES = YES;
				BUNDLE_LOADER = "$(TEST_HOST)";
				CODE_SIGN_STYLE = Automatic;
				INFOPLIST_FILE = "014-UICollectionViewTests/Info.plist";
				LD_RUNPATH_SEARCH_PATHS = (
					"$(inherited)",
					"@executable_path/Frameworks",
					"@loader_path/Frameworks",
				);
				PRODUCT_BUNDLE_IDENTIFIER = "com.syj.-14-UICollectionViewTests";
				PRODUCT_NAME = "$(TARGET_NAME)";
				SWIFT_VERSION = 4.0;
				TARGETED_DEVICE_FAMILY = "1,2";
				TEST_HOST = "$(BUILT_PRODUCTS_DIR)/014-UICollectionView.app/014-UICollectionView";
			};
			name = Debug;
		};
		C9A7DC9A2092C2DD00D34E4F /* Release */ = {
			isa = XCBuildConfiguration;
			buildSettings = {
				ALWAYS_EMBED_SWIFT_STANDARD_LIBRARIES = YES;
				BUNDLE_LOADER = "$(TEST_HOST)";
				CODE_SIGN_STYLE = Automatic;
				INFOPLIST_FILE = "014-UICollectionViewTests/Info.plist";
				LD_RUNPATH_SEARCH_PATHS = (
					"$(inherited)",
					"@executable_path/Frameworks",
					"@loader_path/Frameworks",
				);
				PRODUCT_BUNDLE_IDENTIFIER = "com.syj.-14-UICollectionViewTests";
				PRODUCT_NAME = "$(TARGET_NAME)";
				SWIFT_VERSION = 4.0;
				TARGETED_DEVICE_FAMILY = "1,2";
				TEST_HOST = "$(BUILT_PRODUCTS_DIR)/014-UICollectionView.app/014-UICollectionView";
			};
			name = Release;
		};
		C9A7DC9C2092C2DD00D34E4F /* Debug */ = {
			isa = XCBuildConfiguration;
			buildSettings = {
				ALWAYS_EMBED_SWIFT_STANDARD_LIBRARIES = YES;
				CODE_SIGN_STYLE = Automatic;
				INFOPLIST_FILE = "014-UICollectionViewUITests/Info.plist";
				LD_RUNPATH_SEARCH_PATHS = (
					"$(inherited)",
					"@executable_path/Frameworks",
					"@loader_path/Frameworks",
				);
				PRODUCT_BUNDLE_IDENTIFIER = "com.syj.-14-UICollectionViewUITests";
				PRODUCT_NAME = "$(TARGET_NAME)";
				SWIFT_VERSION = 4.0;
				TARGETED_DEVICE_FAMILY = "1,2";
				TEST_TARGET_NAME = "014-UICollectionView";
			};
			name = Debug;
		};
		C9A7DC9D2092C2DD00D34E4F /* Release */ = {
			isa = XCBuildConfiguration;
			buildSettings = {
				ALWAYS_EMBED_SWIFT_STANDARD_LIBRARIES = YES;
				CODE_SIGN_STYLE = Automatic;
				INFOPLIST_FILE = "014-UICollectionViewUITests/Info.plist";
				LD_RUNPATH_SEARCH_PATHS = (
					"$(inherited)",
					"@executable_path/Frameworks",
					"@loader_path/Frameworks",
				);
				PRODUCT_BUNDLE_IDENTIFIER = "com.syj.-14-UICollectionViewUITests";
				PRODUCT_NAME = "$(TARGET_NAME)";
				SWIFT_VERSION = 4.0;
				TARGETED_DEVICE_FAMILY = "1,2";
				TEST_TARGET_NAME = "014-UICollectionView";
			};
			name = Release;
		};
/* End XCBuildConfiguration section */

/* Begin XCConfigurationList section */
		C9A7DC682092C2DC00D34E4F /* Build configuration list for PBXProject "014-UICollectionView" */ = {
			isa = XCConfigurationList;
			buildConfigurations = (
				C9A7DC932092C2DD00D34E4F /* Debug */,
				C9A7DC942092C2DD00D34E4F /* Release */,
			);
			defaultConfigurationIsVisible = 0;
			defaultConfigurationName = Release;
		};
		C9A7DC952092C2DD00D34E4F /* Build configuration list for PBXNativeTarget "014-UICollectionView" */ = {
			isa = XCConfigurationList;
			buildConfigurations = (
				C9A7DC962092C2DD00D34E4F /* Debug */,
				C9A7DC972092C2DD00D34E4F /* Release */,
			);
			defaultConfigurationIsVisible = 0;
			defaultConfigurationName = Release;
		};
		C9A7DC982092C2DD00D34E4F /* Build configuration list for PBXNativeTarget "014-UICollectionViewTests" */ = {
			isa = XCConfigurationList;
			buildConfigurations = (
				C9A7DC992092C2DD00D34E4F /* Debug */,
				C9A7DC9A2092C2DD00D34E4F /* Release */,
			);
			defaultConfigurationIsVisible = 0;
			defaultConfigurationName = Release;
		};
		C9A7DC9B2092C2DD00D34E4F /* Build configuration list for PBXNativeTarget "014-UICollectionViewUITests" */ = {
			isa = XCConfigurationList;
			buildConfigurations = (
				C9A7DC9C2092C2DD00D34E4F /* Debug */,
				C9A7DC9D2092C2DD00D34E4F /* Release */,
			);
			defaultConfigurationIsVisible = 0;
			defaultConfigurationName = Release;
		};
/* End XCConfigurationList section */
	};
	rootObject = C9A7DC652092C2DC00D34E4F /* Project object */;
}
