// !$*UTF8*$!
{
	archiveVersion = 1;
	classes = {
	};
	objectVersion = 50;
	objects = {

/* Begin PBXBuildFile section */
		C9621C4320994C370058BD38 /* Student.swift in Sources */ = {isa = PBXBuildFile; fileRef = C9621C4220994C370058BD38 /* Student.swift */; };
		C9F7C1B520945821000CC938 /* AppDelegate.swift in Sources */ = {isa = PBXBuildFile; fileRef = C9F7C1B420945821000CC938 /* AppDelegate.swift */; };
		C9F7C1B720945821000CC938 /* ViewController.swift in Sources */ = {isa = PBXBuildFile; fileRef = C9F7C1B620945821000CC938 /* ViewController.swift */; };
		C9F7C1BA20945821000CC938 /* Main.storyboard in Resources */ = {isa = PBXBuildFile; fileRef = C9F7C1B820945821000CC938 /* Main.storyboard */; };
		C9F7C1BC20945822000CC938 /* Assets.xcassets in Resources */ = {isa = PBXBuildFile; fileRef = C9F7C1BB20945822000CC938 /* Assets.xcassets */; };
		C9F7C1BF20945822000CC938 /* LaunchScreen.storyboard in Resources */ = {isa = PBXBuildFile; fileRef = C9F7C1BD20945822000CC938 /* LaunchScreen.storyboard */; };
		C9F7C1CA20945823000CC938 /* _08_____Tests.swift in Sources */ = {isa = PBXBuildFile; fileRef = C9F7C1C920945823000CC938 /* _08_____Tests.swift */; };
		C9F7C1D520945823000CC938 /* _08_____UITests.swift in Sources */ = {isa = PBXBuildFile; fileRef = C9F7C1D420945823000CC938 /* _08_____UITests.swift */; };
		C9F7C1E32094586B000CC938 /* Person.swift in Sources */ = {isa = PBXBuildFile; fileRef = C9F7C1E22094586B000CC938 /* Person.swift */; };
/* End PBXBuildFile section */

/* Begin PBXContainerItemProxy section */
		C9F7C1C620945823000CC938 /* PBXContainerItemProxy */ = {
			isa = PBXContainerItemProxy;
			containerPortal = C9F7C1A920945821000CC938 /* Project object */;
			proxyType = 1;
			remoteGlobalIDString = C9F7C1B020945821000CC938;
			remoteInfo = "008-构造函数";
		};
		C9F7C1D120945823000CC938 /* PBXContainerItemProxy */ = {
			isa = PBXContainerItemProxy;
			containerPortal = C9F7C1A920945821000CC938 /* Project object */;
			proxyType = 1;
			remoteGlobalIDString = C9F7C1B020945821000CC938;
			remoteInfo = "008-构造函数";
		};
/* End PBXContainerItemProxy section */

/* Begin PBXFileReference section */
		C9621C4220994C370058BD38 /* Student.swift */ = {isa = PBXFileReference; lastKnownFileType = sourcecode.swift; path = Student.swift; sourceTree = "<group>"; };
		C9F7C1B120945821000CC938 /* 008-构造函数.app */ = {isa = PBXFileReference; explicitFileType = wrapper.application; includeInIndex = 0; path = "008-构造函数.app"; sourceTree = BUILT_PRODUCTS_DIR; };
		C9F7C1B420945821000CC938 /* AppDelegate.swift */ = {isa = PBXFileReference; lastKnownFileType = sourcecode.swift; path = AppDelegate.swift; sourceTree = "<group>"; };
		C9F7C1B620945821000CC938 /* ViewController.swift */ = {isa = PBXFileReference; lastKnownFileType = sourcecode.swift; path = ViewController.swift; sourceTree = "<group>"; };
		C9F7C1B920945821000CC938 /* Base */ = {isa = PBXFileReference; lastKnownFileType = file.storyboard; name = Base; path = Base.lproj/Main.storyboard; sourceTree = "<group>"; };
		C9F7C1BB20945822000CC938 /* Assets.xcassets */ = {isa = PBXFileReference; lastKnownFileType = folder.assetcatalog; path = Assets.xcassets; sourceTree = "<group>"; };
		C9F7C1BE20945822000CC938 /* Base */ = {isa = PBXFileReference; lastKnownFileType = file.storyboard; name = Base; path = Base.lproj/LaunchScreen.storyboard; sourceTree = "<group>"; };
		C9F7C1C020945822000CC938 /* Info.plist */ = {isa = PBXFileReference; lastKnownFileType = text.plist.xml; path = Info.plist; sourceTree = "<group>"; };
		C9F7C1C520945823000CC938 /* 008-构造函数Tests.xctest */ = {isa = PBXFileReference; explicitFileType = wrapper.cfbundle; includeInIndex = 0; path = "008-构造函数Tests.xctest"; sourceTree = BUILT_PRODUCTS_DIR; };
		C9F7C1C920945823000CC938 /* _08_____Tests.swift */ = {isa = PBXFileReference; lastKnownFileType = sourcecode.swift; path = "_08_____Tests.swift"; sourceTree = "<group>"; };
		C9F7C1CB20945823000CC938 /* Info.plist */ = {isa = PBXFileReference; lastKnownFileType = text.plist.xml; path = Info.plist; sourceTree = "<group>"; };
		C9F7C1D020945823000CC938 /* 008-构造函数UITests.xctest */ = {isa = PBXFileReference; explicitFileType = wrapper.cfbundle; includeInIndex = 0; path = "008-构造函数UITests.xctest"; sourceTree = BUILT_PRODUCTS_DIR; };
		C9F7C1D420945823000CC938 /* _08_____UITests.swift */ = {isa = PBXFileReference; lastKnownFileType = sourcecode.swift; path = "_08_____UITests.swift"; sourceTree = "<group>"; };
		C9F7C1D620945823000CC938 /* Info.plist */ = {isa = PBXFileReference; lastKnownFileType = text.plist.xml; path = Info.plist; sourceTree = "<group>"; };
		C9F7C1E22094586B000CC938 /* Person.swift */ = {isa = PBXFileReference; lastKnownFileType = sourcecode.swift; path = Person.swift; sourceTree = "<group>"; };
/* End PBXFileReference section */

/* Begin PBXFrameworksBuildPhase section */
		C9F7C1AE20945821000CC938 /* Frameworks */ = {
			isa = PBXFrameworksBuildPhase;
			buildActionMask = 2147483647;
			files = (
			);
			runOnlyForDeploymentPostprocessing = 0;
		};
		C9F7C1C220945823000CC938 /* Frameworks */ = {
			isa = PBXFrameworksBuildPhase;
			buildActionMask = 2147483647;
			files = (
			);
			runOnlyForDeploymentPostprocessing = 0;
		};
		C9F7C1CD20945823000CC938 /* Frameworks */ = {
			isa = PBXFrameworksBuildPhase;
			buildActionMask = 2147483647;
			files = (
			);
			runOnlyForDeploymentPostprocessing = 0;
		};
/* End PBXFrameworksBuildPhase section */

/* Begin PBXGroup section */
		C9F7C1A820945821000CC938 = {
			isa = PBXGroup;
			children = (
				C9F7C1B320945821000CC938 /* 008-构造函数 */,
				C9F7C1C820945823000CC938 /* 008-构造函数Tests */,
				C9F7C1D320945823000CC938 /* 008-构造函数UITests */,
				C9F7C1B220945821000CC938 /* Products */,
			);
			sourceTree = "<group>";
		};
		C9F7C1B220945821000CC938 /* Products */ = {
			isa = PBXGroup;
			children = (
				C9F7C1B120945821000CC938 /* 008-构造函数.app */,
				C9F7C1C520945823000CC938 /* 008-构造函数Tests.xctest */,
				C9F7C1D020945823000CC938 /* 008-构造函数UITests.xctest */,
			);
			name = Products;
			sourceTree = "<group>";
		};
		C9F7C1B320945821000CC938 /* 008-构造函数 */ = {
			isa = PBXGroup;
			children = (
				C9F7C1B420945821000CC938 /* AppDelegate.swift */,
				C9F7C1B620945821000CC938 /* ViewController.swift */,
				C9F7C1E22094586B000CC938 /* Person.swift */,
				C9621C4220994C370058BD38 /* Student.swift */,
				C9F7C1B820945821000CC938 /* Main.storyboard */,
				C9F7C1BB20945822000CC938 /* Assets.xcassets */,
				C9F7C1BD20945822000CC938 /* LaunchScreen.storyboard */,
				C9F7C1C020945822000CC938 /* Info.plist */,
			);
			path = "008-构造函数";
			sourceTree = "<group>";
		};
		C9F7C1C820945823000CC938 /* 008-构造函数Tests */ = {
			isa = PBXGroup;
			children = (
				C9F7C1C920945823000CC938 /* _08_____Tests.swift */,
				C9F7C1CB20945823000CC938 /* Info.plist */,
			);
			path = "008-构造函数Tests";
			sourceTree = "<group>";
		};
		C9F7C1D320945823000CC938 /* 008-构造函数UITests */ = {
			isa = PBXGroup;
			children = (
				C9F7C1D420945823000CC938 /* _08_____UITests.swift */,
				C9F7C1D620945823000CC938 /* Info.plist */,
			);
			path = "008-构造函数UITests";
			sourceTree = "<group>";
		};
/* End PBXGroup section */

/* Begin PBXNativeTarget section */
		C9F7C1B020945821000CC938 /* 008-构造函数 */ = {
			isa = PBXNativeTarget;
			buildConfigurationList = C9F7C1D920945823000CC938 /* Build configuration list for PBXNativeTarget "008-构造函数" */;
			buildPhases = (
				C9F7C1AD20945821000CC938 /* Sources */,
				C9F7C1AE20945821000CC938 /* Frameworks */,
				C9F7C1AF20945821000CC938 /* Resources */,
			);
			buildRules = (
			);
			dependencies = (
			);
			name = "008-构造函数";
			productName = "008-构造函数";
			productReference = C9F7C1B120945821000CC938 /* 008-构造函数.app */;
			productType = "com.apple.product-type.application";
		};
		C9F7C1C420945823000CC938 /* 008-构造函数Tests */ = {
			isa = PBXNativeTarget;
			buildConfigurationList = C9F7C1DC20945823000CC938 /* Build configuration list for PBXNativeTarget "008-构造函数Tests" */;
			buildPhases = (
				C9F7C1C120945823000CC938 /* Sources */,
				C9F7C1C220945823000CC938 /* Frameworks */,
				C9F7C1C320945823000CC938 /* Resources */,
			);
			buildRules = (
			);
			dependencies = (
				C9F7C1C720945823000CC938 /* PBXTargetDependency */,
			);
			name = "008-构造函数Tests";
			productName = "008-构造函数Tests";
			productReference = C9F7C1C520945823000CC938 /* 008-构造函数Tests.xctest */;
			productType = "com.apple.product-type.bundle.unit-test";
		};
		C9F7C1CF20945823000CC938 /* 008-构造函数UITests */ = {
			isa = PBXNativeTarget;
			buildConfigurationList = C9F7C1DF20945823000CC938 /* Build configuration list for PBXNativeTarget "008-构造函数UITests" */;
			buildPhases = (
				C9F7C1CC20945823000CC938 /* Sources */,
				C9F7C1CD20945823000CC938 /* Frameworks */,
				C9F7C1CE20945823000CC938 /* Resources */,
			);
			buildRules = (
			);
			dependencies = (
				C9F7C1D220945823000CC938 /* PBXTargetDependency */,
			);
			name = "008-构造函数UITests";
			productName = "008-构造函数UITests";
			productReference = C9F7C1D020945823000CC938 /* 008-构造函数UITests.xctest */;
			productType = "com.apple.product-type.bundle.ui-testing";
		};
/* End PBXNativeTarget section */

/* Begin PBXProject section */
		C9F7C1A920945821000CC938 /* Project object */ = {
			isa = PBXProject;
			attributes = {
				LastSwiftUpdateCheck = 0930;
				LastUpgradeCheck = 0930;
				ORGANIZATIONNAME = SYJ;
				TargetAttributes = {
					C9F7C1B020945821000CC938 = {
						CreatedOnToolsVersion = 9.3;
					};
					C9F7C1C420945823000CC938 = {
						CreatedOnToolsVersion = 9.3;
						TestTargetID = C9F7C1B020945821000CC938;
					};
					C9F7C1CF20945823000CC938 = {
						CreatedOnToolsVersion = 9.3;
						TestTargetID = C9F7C1B020945821000CC938;
					};
				};
			};
			buildConfigurationList = C9F7C1AC20945821000CC938 /* Build configuration list for PBXProject "008-构造函数" */;
			compatibilityVersion = "Xcode 9.3";
			developmentRegion = en;
			hasScannedForEncodings = 0;
			knownRegions = (
				en,
				Base,
			);
			mainGroup = C9F7C1A820945821000CC938;
			productRefGroup = C9F7C1B220945821000CC938 /* Products */;
			projectDirPath = "";
			projectRoot = "";
			targets = (
				C9F7C1B020945821000CC938 /* 008-构造函数 */,
				C9F7C1C420945823000CC938 /* 008-构造函数Tests */,
				C9F7C1CF20945823000CC938 /* 008-构造函数UITests */,
			);
		};
/* End PBXProject section */

/* Begin PBXResourcesBuildPhase section */
		C9F7C1AF20945821000CC938 /* Resources */ = {
			isa = PBXResourcesBuildPhase;
			buildActionMask = 2147483647;
			files = (
				C9F7C1BF20945822000CC938 /* LaunchScreen.storyboard in Resources */,
				C9F7C1BC20945822000CC938 /* Assets.xcassets in Resources */,
				C9F7C1BA20945821000CC938 /* Main.storyboard in Resources */,
			);
			runOnlyForDeploymentPostprocessing = 0;
		};
		C9F7C1C320945823000CC938 /* Resources */ = {
			isa = PBXResourcesBuildPhase;
			buildActionMask = 2147483647;
			files = (
			);
			runOnlyForDeploymentPostprocessing = 0;
		};
		C9F7C1CE20945823000CC938 /* Resources */ = {
			isa = PBXResourcesBuildPhase;
			buildActionMask = 2147483647;
			files = (
			);
			runOnlyForDeploymentPostprocessing = 0;
		};
/* End PBXResourcesBuildPhase section */

/* Begin PBXSourcesBuildPhase section */
		C9F7C1AD20945821000CC938 /* Sources */ = {
			isa = PBXSourcesBuildPhase;
			buildActionMask = 2147483647;
			files = (
				C9F7C1E32094586B000CC938 /* Person.swift in Sources */,
				C9F7C1B720945821000CC938 /* ViewController.swift in Sources */,
				C9F7C1B520945821000CC938 /* AppDelegate.swift in Sources */,
				C9621C4320994C370058BD38 /* Student.swift in Sources */,
			);
			runOnlyForDeploymentPostprocessing = 0;
		};
		C9F7C1C120945823000CC938 /* Sources */ = {
			isa = PBXSourcesBuildPhase;
			buildActionMask = 2147483647;
			files = (
				C9F7C1CA20945823000CC938 /* _08_____Tests.swift in Sources */,
			);
			runOnlyForDeploymentPostprocessing = 0;
		};
		C9F7C1CC20945823000CC938 /* Sources */ = {
			isa = PBXSourcesBuildPhase;
			buildActionMask = 2147483647;
			files = (
				C9F7C1D520945823000CC938 /* _08_____UITests.swift in Sources */,
			);
			runOnlyForDeploymentPostprocessing = 0;
		};
/* End PBXSourcesBuildPhase section */

/* Begin PBXTargetDependency section */
		C9F7C1C720945823000CC938 /* PBXTargetDependency */ = {
			isa = PBXTargetDependency;
			target = C9F7C1B020945821000CC938 /* 008-构造函数 */;
			targetProxy = C9F7C1C620945823000CC938 /* PBXContainerItemProxy */;
		};
		C9F7C1D220945823000CC938 /* PBXTargetDependency */ = {
			isa = PBXTargetDependency;
			target = C9F7C1B020945821000CC938 /* 008-构造函数 */;
			targetProxy = C9F7C1D120945823000CC938 /* PBXContainerItemProxy */;
		};
/* End PBXTargetDependency section */

/* Begin PBXVariantGroup section */
		C9F7C1B820945821000CC938 /* Main.storyboard */ = {
			isa = PBXVariantGroup;
			children = (
				C9F7C1B920945821000CC938 /* Base */,
			);
			name = Main.storyboard;
			sourceTree = "<group>";
		};
		C9F7C1BD20945822000CC938 /* LaunchScreen.storyboard */ = {
			isa = PBXVariantGroup;
			children = (
				C9F7C1BE20945822000CC938 /* Base */,
			);
			name = LaunchScreen.storyboard;
			sourceTree = "<group>";
		};
/* End PBXVariantGroup section */

/* Begin XCBuildConfiguration section */
		C9F7C1D720945823000CC938 /* Debug */ = {
			isa = XCBuildConfiguration;
			buildSettings = {
				ALWAYS_SEARCH_USER_PATHS = NO;
				CLANG_ANALYZER_NONNULL = YES;
				CLANG_ANALYZER_NUMBER_OBJECT_CONVERSION = YES_AGGRESSIVE;
				CLANG_CXX_LANGUAGE_STANDARD = "gnu++14";
				CLANG_CXX_LIBRARY = "libc++";
				CLANG_ENABLE_MODULES = YES;
				CLANG_ENABLE_OBJC_ARC = YES;
				CLANG_ENABLE_OBJC_WEAK = YES;
				CLANG_WARN_BLOCK_CAPTURE_AUTORELEASING = YES;
				CLANG_WARN_BOOL_CONVERSION = YES;
				CLANG_WARN_COMMA = YES;
				CLANG_WARN_CONSTANT_CONVERSION = YES;
				CLANG_WARN_DEPRECATED_OBJC_IMPLEMENTATIONS = YES;
				CLANG_WARN_DIRECT_OBJC_ISA_USAGE = YES_ERROR;
				CLANG_WARN_DOCUMENTATION_COMMENTS = YES;
				CLANG_WARN_EMPTY_BODY = YES;
				CLANG_WARN_ENUM_CONVERSION = YES;
				CLANG_WARN_INFINITE_RECURSION = YES;
				CLANG_WARN_INT_CONVERSION = YES;
				CLANG_WARN_NON_LITERAL_NULL_CONVERSION = YES;
				CLANG_WARN_OBJC_IMPLICIT_RETAIN_SELF = YES;
				CLANG_WARN_OBJC_LITERAL_CONVERSION = YES;
				CLANG_WARN_OBJC_ROOT_CLASS = YES_ERROR;
				CLANG_WARN_RANGE_LOOP_ANALYSIS = YES;
				CLANG_WARN_STRICT_PROTOTYPES = YES;
				CLANG_WARN_SUSPICIOUS_MOVE = YES;
				CLANG_WARN_UNGUARDED_AVAILABILITY = YES_AGGRESSIVE;
				CLANG_WARN_UNREACHABLE_CODE = YES;
				CLANG_WARN__DUPLICATE_METHOD_MATCH = YES;
				CODE_SIGN_IDENTITY = "iPhone Developer";
				COPY_PHASE_STRIP = NO;
				DEBUG_INFORMATION_FORMAT = dwarf;
				ENABLE_STRICT_OBJC_MSGSEND = YES;
				ENABLE_TESTABILITY = YES;
				GCC_C_LANGUAGE_STANDARD = gnu11;
				GCC_DYNAMIC_NO_PIC = NO;
				GCC_NO_COMMON_BLOCKS = YES;
				GCC_OPTIMIZATION_LEVEL = 0;
				GCC_PREPROCESSOR_DEFINITIONS = (
					"DEBUG=1",
					"$(inherited)",
				);
				GCC_WARN_64_TO_32_BIT_CONVERSION = YES;
				GCC_WARN_ABOUT_RETURN_TYPE = YES_ERROR;
				GCC_WARN_UNDECLARED_SELECTOR = YES;
				GCC_WARN_UNINITIALIZED_AUTOS = YES_AGGRESSIVE;
				GCC_WARN_UNUSED_FUNCTION = YES;
				GCC_WARN_UNUSED_VARIABLE = YES;
				IPHONEOS_DEPLOYMENT_TARGET = 11.3;
				MTL_ENABLE_DEBUG_INFO = YES;
				ONLY_ACTIVE_ARCH = YES;
				SDKROOT = iphoneos;
				SWIFT_ACTIVE_COMPILATION_CONDITIONS = DEBUG;
				SWIFT_OPTIMIZATION_LEVEL = "-Onone";
			};
			name = Debug;
		};
		C9F7C1D820945823000CC938 /* Release */ = {
			isa = XCBuildConfiguration;
			buildSettings = {
				ALWAYS_SEARCH_USER_PATHS = NO;
				CLANG_ANALYZER_NONNULL = YES;
				CLANG_ANALYZER_NUMBER_OBJECT_CONVERSION = YES_AGGRESSIVE;
				CLANG_CXX_LANGUAGE_STANDARD = "gnu++14";
				CLANG_CXX_LIBRARY = "libc++";
				CLANG_ENABLE_MODULES = YES;
				CLANG_ENABLE_OBJC_ARC = YES;
				CLANG_ENABLE_OBJC_WEAK = YES;
				CLANG_WARN_BLOCK_CAPTURE_AUTORELEASING = YES;
				CLANG_WARN_BOOL_CONVERSION = YES;
				CLANG_WARN_COMMA = YES;
				CLANG_WARN_CONSTANT_CONVERSION = YES;
				CLANG_WARN_DEPRECATED_OBJC_IMPLEMENTATIONS = YES;
				CLANG_WARN_DIRECT_OBJC_ISA_USAGE = YES_ERROR;
				CLANG_WARN_DOCUMENTATION_COMMENTS = YES;
				CLANG_WARN_EMPTY_BODY = YES;
				CLANG_WARN_ENUM_CONVERSION = YES;
				CLANG_WARN_INFINITE_RECURSION = YES;
				CLANG_WARN_INT_CONVERSION = YES;
				CLANG_WARN_NON_LITERAL_NULL_CONVERSION = YES;
				CLANG_WARN_OBJC_IMPLICIT_RETAIN_SELF = YES;
				CLANG_WARN_OBJC_LITERAL_CONVERSION = YES;
				CLANG_WARN_OBJC_ROOT_CLASS = YES_ERROR;
				CLANG_WARN_RANGE_LOOP_ANALYSIS = YES;
				CLANG_WARN_STRICT_PROTOTYPES = YES;
				CLANG_WARN_SUSPICIOUS_MOVE = YES;
				CLANG_WARN_UNGUARDED_AVAILABILITY = YES_AGGRESSIVE;
				CLANG_WARN_UNREACHABLE_CODE = YES;
				CLANG_WARN__DUPLICATE_METHOD_MATCH = YES;
				CODE_SIGN_IDENTITY = "iPhone Developer";
				COPY_PHASE_STRIP = NO;
				DEBUG_INFORMATION_FORMAT = "dwarf-with-dsym";
				ENABLE_NS_ASSERTIONS = NO;
				ENABLE_STRICT_OBJC_MSGSEND = YES;
				GCC_C_LANGUAGE_STANDARD = gnu11;
				GCC_NO_COMMON_BLOCKS = YES;
				GCC_WARN_64_TO_32_BIT_CONVERSION = YES;
				GCC_WARN_ABOUT_RETURN_TYPE = YES_ERROR;
				GCC_WARN_UNDECLARED_SELECTOR = YES;
				GCC_WARN_UNINITIALIZED_AUTOS = YES_AGGRESSIVE;
				GCC_WARN_UNUSED_FUNCTION = YES;
				GCC_WARN_UNUSED_VARIABLE = YES;
				IPHONEOS_DEPLOYMENT_TARGET = 11.3;
				MTL_ENABLE_DEBUG_INFO = NO;
				SDKROOT = iphoneos;
				SWIFT_COMPILATION_MODE = wholemodule;
				SWIFT_OPTIMIZATION_LEVEL = "-O";
				VALIDATE_PRODUCT = YES;
			};
			name = Release;
		};
		C9F7C1DA20945823000CC938 /* Debug */ = {
			isa = XCBuildConfiguration;
			buildSettings = {
				ASSETCATALOG_COMPILER_APPICON_NAME = AppIcon;
				CODE_SIGN_STYLE = Automatic;
				INFOPLIST_FILE = "008-构造函数/Info.plist";
				LD_RUNPATH_SEARCH_PATHS = (
					"$(inherited)",
					"@executable_path/Frameworks",
				);
				PRODUCT_BUNDLE_IDENTIFIER = "com.syj.-08-----";
				PRODUCT_NAME = "$(TARGET_NAME)";
				SWIFT_VERSION = 4.0;
				TARGETED_DEVICE_FAMILY = "1,2";
			};
			name = Debug;
		};
		C9F7C1DB20945823000CC938 /* Release */ = {
			isa = XCBuildConfiguration;
			buildSettings = {
				ASSETCATALOG_COMPILER_APPICON_NAME = AppIcon;
				CODE_SIGN_STYLE = Automatic;
				INFOPLIST_FILE = "008-构造函数/Info.plist";
				LD_RUNPATH_SEARCH_PATHS = (
					"$(inherited)",
					"@executable_path/Frameworks",
				);
				PRODUCT_BUNDLE_IDENTIFIER = "com.syj.-08-----";
				PRODUCT_NAME = "$(TARGET_NAME)";
				SWIFT_VERSION = 4.0;
				TARGETED_DEVICE_FAMILY = "1,2";
			};
			name = Release;
		};
		C9F7C1DD20945823000CC938 /* Debug */ = {
			isa = XCBuildConfiguration;
			buildSettings = {
				ALWAYS_EMBED_SWIFT_STANDARD_LIBRARIES = YES;
				BUNDLE_LOADER = "$(TEST_HOST)";
				CODE_SIGN_STYLE = Automatic;
				INFOPLIST_FILE = "008-构造函数Tests/Info.plist";
				LD_RUNPATH_SEARCH_PATHS = (
					"$(inherited)",
					"@executable_path/Frameworks",
					"@loader_path/Frameworks",
				);
				PRODUCT_BUNDLE_IDENTIFIER = "com.syj.-08-----Tests";
				PRODUCT_NAME = "$(TARGET_NAME)";
				SWIFT_VERSION = 4.0;
				TARGETED_DEVICE_FAMILY = "1,2";
				TEST_HOST = "$(BUILT_PRODUCTS_DIR)/008-构造函数.app/008-构造函数";
			};
			name = Debug;
		};
		C9F7C1DE20945823000CC938 /* Release */ = {
			isa = XCBuildConfiguration;
			buildSettings = {
				ALWAYS_EMBED_SWIFT_STANDARD_LIBRARIES = YES;
				BUNDLE_LOADER = "$(TEST_HOST)";
				CODE_SIGN_STYLE = Automatic;
				INFOPLIST_FILE = "008-构造函数Tests/Info.plist";
				LD_RUNPATH_SEARCH_PATHS = (
					"$(inherited)",
					"@executable_path/Frameworks",
					"@loader_path/Frameworks",
				);
				PRODUCT_BUNDLE_IDENTIFIER = "com.syj.-08-----Tests";
				PRODUCT_NAME = "$(TARGET_NAME)";
				SWIFT_VERSION = 4.0;
				TARGETED_DEVICE_FAMILY = "1,2";
				TEST_HOST = "$(BUILT_PRODUCTS_DIR)/008-构造函数.app/008-构造函数";
			};
			name = Release;
		};
		C9F7C1E020945823000CC938 /* Debug */ = {
			isa = XCBuildConfiguration;
			buildSettings = {
				ALWAYS_EMBED_SWIFT_STANDARD_LIBRARIES = YES;
				CODE_SIGN_STYLE = Automatic;
				INFOPLIST_FILE = "008-构造函数UITests/Info.plist";
				LD_RUNPATH_SEARCH_PATHS = (
					"$(inherited)",
					"@executable_path/Frameworks",
					"@loader_path/Frameworks",
				);
				PRODUCT_BUNDLE_IDENTIFIER = "com.syj.-08-----UITests";
				PRODUCT_NAME = "$(TARGET_NAME)";
				SWIFT_VERSION = 4.0;
				TARGETED_DEVICE_FAMILY = "1,2";
				TEST_TARGET_NAME = "008-构造函数";
			};
			name = Debug;
		};
		C9F7C1E120945823000CC938 /* Release */ = {
			isa = XCBuildConfiguration;
			buildSettings = {
				ALWAYS_EMBED_SWIFT_STANDARD_LIBRARIES = YES;
				CODE_SIGN_STYLE = Automatic;
				INFOPLIST_FILE = "008-构造函数UITests/Info.plist";
				LD_RUNPATH_SEARCH_PATHS = (
					"$(inherited)",
					"@executable_path/Frameworks",
					"@loader_path/Frameworks",
				);
				PRODUCT_BUNDLE_IDENTIFIER = "com.syj.-08-----UITests";
				PRODUCT_NAME = "$(TARGET_NAME)";
				SWIFT_VERSION = 4.0;
				TARGETED_DEVICE_FAMILY = "1,2";
				TEST_TARGET_NAME = "008-构造函数";
			};
			name = Release;
		};
/* End XCBuildConfiguration section */

/* Begin XCConfigurationList section */
		C9F7C1AC20945821000CC938 /* Build configuration list for PBXProject "008-构造函数" */ = {
			isa = XCConfigurationList;
			buildConfigurations = (
				C9F7C1D720945823000CC938 /* Debug */,
				C9F7C1D820945823000CC938 /* Release */,
			);
			defaultConfigurationIsVisible = 0;
			defaultConfigurationName = Release;
		};
		C9F7C1D920945823000CC938 /* Build configuration list for PBXNativeTarget "008-构造函数" */ = {
			isa = XCConfigurationList;
			buildConfigurations = (
				C9F7C1DA20945823000CC938 /* Debug */,
				C9F7C1DB20945823000CC938 /* Release */,
			);
			defaultConfigurationIsVisible = 0;
			defaultConfigurationName = Release;
		};
		C9F7C1DC20945823000CC938 /* Build configuration list for PBXNativeTarget "008-构造函数Tests" */ = {
			isa = XCConfigurationList;
			buildConfigurations = (
				C9F7C1DD20945823000CC938 /* Debug */,
				C9F7C1DE20945823000CC938 /* Release */,
			);
			defaultConfigurationIsVisible = 0;
			defaultConfigurationName = Release;
		};
		C9F7C1DF20945823000CC938 /* Build configuration list for PBXNativeTarget "008-构造函数UITests" */ = {
			isa = XCConfigurationList;
			buildConfigurations = (
				C9F7C1E020945823000CC938 /* Debug */,
				C9F7C1E120945823000CC938 /* Release */,
			);
			defaultConfigurationIsVisible = 0;
			defaultConfigurationName = Release;
		};
/* End XCConfigurationList section */
	};
	rootObject = C9F7C1A920945821000CC938 /* Project object */;
}
